// !$*UTF8*$!
{
	archiveVersion = 1;
	classes = {
	};
	objectVersion = 46;
	objects = {

/* Begin PBXBuildFile section */
		7AD35C731A8AAA7B000A535A /* AppDelegate.swift in Sources */ = {isa = PBXBuildFile; fileRef = 7AD35C721A8AAA7B000A535A /* AppDelegate.swift */; };
		7AD35C751A8AAA7B000A535A /* ViewController.swift in Sources */ = {isa = PBXBuildFile; fileRef = 7AD35C741A8AAA7B000A535A /* ViewController.swift */; };
		7AD35C781A8AAA7B000A535A /* Main.storyboard in Resources */ = {isa = PBXBuildFile; fileRef = 7AD35C761A8AAA7B000A535A /* Main.storyboard */; };
		7AD35C7A1A8AAA7B000A535A /* Images.xcassets in Resources */ = {isa = PBXBuildFile; fileRef = 7AD35C791A8AAA7B000A535A /* Images.xcassets */; };
		7AD35C7D1A8AAA7B000A535A /* LaunchScreen.xib in Resources */ = {isa = PBXBuildFile; fileRef = 7AD35C7B1A8AAA7B000A535A /* LaunchScreen.xib */; };
		7AD35C891A8AAA7B000A535A /* CalculatorTests.swift in Sources */ = {isa = PBXBuildFile; fileRef = 7AD35C881A8AAA7B000A535A /* CalculatorTests.swift */; };
/* End PBXBuildFile section */

/* Begin PBXContainerItemProxy section */
		7AD35C831A8AAA7B000A535A /* PBXContainerItemProxy */ = {
			isa = PBXContainerItemProxy;
			containerPortal = 7AD35C651A8AAA7B000A535A /* Project object */;
			proxyType = 1;
			remoteGlobalIDString = 7AD35C6C1A8AAA7B000A535A;
			remoteInfo = Calculator;
		};
/* End PBXContainerItemProxy section */

/* Begin PBXFileReference section */
		7AD35C6D1A8AAA7B000A535A /* Calculator.app */ = {isa = PBXFileReference; explicitFileType = wrapper.application; includeInIndex = 0; path = Calculator.app; sourceTree = BUILT_PRODUCTS_DIR; };
		7AD35C711A8AAA7B000A535A /* Info.plist */ = {isa = PBXFileReference; lastKnownFileType = text.plist.xml; path = Info.plist; sourceTree = "<group>"; };
		7AD35C721A8AAA7B000A535A /* AppDelegate.swift */ = {isa = PBXFileReference; lastKnownFileType = sourcecode.swift; path = AppDelegate.swift; sourceTree = "<group>"; };
		7AD35C741A8AAA7B000A535A /* ViewController.swift */ = {isa = PBXFileReference; lastKnownFileType = sourcecode.swift; path = ViewController.swift; sourceTree = "<group>"; };
		7AD35C771A8AAA7B000A535A /* Base */ = {isa = PBXFileReference; lastKnownFileType = file.storyboard; name = Base; path = Base.lproj/Main.storyboard; sourceTree = "<group>"; };
		7AD35C791A8AAA7B000A535A /* Images.xcassets */ = {isa = PBXFileReference; lastKnownFileType = folder.assetcatalog; path = Images.xcassets; sourceTree = "<group>"; };
		7AD35C7C1A8AAA7B000A535A /* Base */ = {isa = PBXFileReference; lastKnownFileType = file.xib; name = Base; path = Base.lproj/LaunchScreen.xib; sourceTree = "<group>"; };
		7AD35C821A8AAA7B000A535A /* CalculatorTests.xctest */ = {isa = PBXFileReference; explicitFileType = wrapper.cfbundle; includeInIndex = 0; path = CalculatorTests.xctest; sourceTree = BUILT_PRODUCTS_DIR; };
		7AD35C871A8AAA7B000A535A /* Info.plist */ = {isa = PBXFileReference; lastKnownFileType = text.plist.xml; path = Info.plist; sourceTree = "<group>"; };
		7AD35C881A8AAA7B000A535A /* CalculatorTests.swift */ = {isa = PBXFileReference; lastKnownFileType = sourcecode.swift; path = CalculatorTests.swift; sourceTree = "<group>"; };
/* End PBXFileReference section */

/* Begin PBXFrameworksBuildPhase section */
		7AD35C6A1A8AAA7B000A535A /* Frameworks */ = {
			isa = PBXFrameworksBuildPhase;
			buildActionMask = 2147483647;
			files = (
			);
			runOnlyForDeploymentPostprocessing = 0;
		};
		7AD35C7F1A8AAA7B000A535A /* Frameworks */ = {
			isa = PBXFrameworksBuildPhase;
			buildActionMask = 2147483647;
			files = (
			);
			runOnlyForDeploymentPostprocessing = 0;
		};
/* End PBXFrameworksBuildPhase section */

/* Begin PBXGroup section */
		7AD35C641A8AAA7B000A535A = {
			isa = PBXGroup;
			children = (
				7AD35C6F1A8AAA7B000A535A /* Calculator */,
				7AD35C851A8AAA7B000A535A /* CalculatorTests */,
				7AD35C6E1A8AAA7B000A535A /* Products */,
			);
			sourceTree = "<group>";
		};
		7AD35C6E1A8AAA7B000A535A /* Products */ = {
			isa = PBXGroup;
			children = (
				7AD35C6D1A8AAA7B000A535A /* Calculator.app */,
				7AD35C821A8AAA7B000A535A /* CalculatorTests.xctest */,
			);
			name = Products;
			sourceTree = "<group>";
		};
		7AD35C6F1A8AAA7B000A535A /* Calculator */ = {
			isa = PBXGroup;
			children = (
				7AD35C721A8AAA7B000A535A /* AppDelegate.swift */,
				7AD35C741A8AAA7B000A535A /* ViewController.swift */,
				7AD35C761A8AAA7B000A535A /* Main.storyboard */,
				7AD35C791A8AAA7B000A535A /* Images.xcassets */,
				7AD35C7B1A8AAA7B000A535A /* LaunchScreen.xib */,
				7AD35C701A8AAA7B000A535A /* Supporting Files */,
			);
			path = Calculator;
			sourceTree = "<group>";
		};
		7AD35C701A8AAA7B000A535A /* Supporting Files */ = {
			isa = PBXGroup;
			children = (
				7AD35C711A8AAA7B000A535A /* Info.plist */,
			);
			name = "Supporting Files";
			sourceTree = "<group>";
		};
		7AD35C851A8AAA7B000A535A /* CalculatorTests */ = {
			isa = PBXGroup;
			children = (
				7AD35C881A8AAA7B000A535A /* CalculatorTests.swift */,
				7AD35C861A8AAA7B000A535A /* Supporting Files */,
			);
			path = CalculatorTests;
			sourceTree = "<group>";
		};
		7AD35C861A8AAA7B000A535A /* Supporting Files */ = {
			isa = PBXGroup;
			children = (
				7AD35C871A8AAA7B000A535A /* Info.plist */,
			);
			name = "Supporting Files";
			sourceTree = "<group>";
		};
/* End PBXGroup section */

/* Begin PBXNativeTarget section */
		7AD35C6C1A8AAA7B000A535A /* Calculator */ = {
			isa = PBXNativeTarget;
			buildConfigurationList = 7AD35C8C1A8AAA7B000A535A /* Build configuration list for PBXNativeTarget "Calculator" */;
			buildPhases = (
				7AD35C691A8AAA7B000A535A /* Sources */,
				7AD35C6A1A8AAA7B000A535A /* Frameworks */,
				7AD35C6B1A8AAA7B000A535A /* Resources */,
			);
			buildRules = (
			);
			dependencies = (
			);
			name = Calculator;
			productName = Calculator;
			productReference = 7AD35C6D1A8AAA7B000A535A /* Calculator.app */;
			productType = "com.apple.product-type.application";
		};
		7AD35C811A8AAA7B000A535A /* CalculatorTests */ = {
			isa = PBXNativeTarget;
			buildConfigurationList = 7AD35C8F1A8AAA7B000A535A /* Build configuration list for PBXNativeTarget "CalculatorTests" */;
			buildPhases = (
				7AD35C7E1A8AAA7B000A535A /* Sources */,
				7AD35C7F1A8AAA7B000A535A /* Frameworks */,
				7AD35C801A8AAA7B000A535A /* Resources */,
			);
			buildRules = (
			);
			dependencies = (
				7AD35C841A8AAA7B000A535A /* PBXTargetDependency */,
			);
			name = CalculatorTests;
			productName = CalculatorTests;
			productReference = 7AD35C821A8AAA7B000A535A /* CalculatorTests.xctest */;
			productType = "com.apple.product-type.bundle.unit-test";
		};
/* End PBXNativeTarget section */

/* Begin PBXProject section */
		7AD35C651A8AAA7B000A535A /* Project object */ = {
			isa = PBXProject;
			attributes = {
				LastUpgradeCheck = 0610;
				ORGANIZATIONNAME = "Charlyn Buchanan";
				TargetAttributes = {
					7AD35C6C1A8AAA7B000A535A = {
						CreatedOnToolsVersion = 6.1.1;
					};
					7AD35C811A8AAA7B000A535A = {
						CreatedOnToolsVersion = 6.1.1;
						TestTargetID = 7AD35C6C1A8AAA7B000A535A;
					};
				};
			};
			buildConfigurationList = 7AD35C681A8AAA7B000A535A /* Build configuration list for PBXProject "Calculator" */;
			compatibilityVersion = "Xcode 3.2";
			developmentRegion = English;
			hasScannedForEncodings = 0;
			knownRegions = (
				en,
				Base,
			);
			mainGroup = 7AD35C641A8AAA7B000A535A;
			productRefGroup = 7AD35C6E1A8AAA7B000A535A /* Products */;
			projectDirPath = "";
			projectRoot = "";
			targets = (
				7AD35C6C1A8AAA7B000A535A /* Calculator */,
				7AD35C811A8AAA7B000A535A /* CalculatorTests */,
			);
		};
/* End PBXProject section */

/* Begin PBXResourcesBuildPhase section */
		7AD35C6B1A8AAA7B000A535A /* Resources */ = {
			isa = PBXResourcesBuildPhase;
			buildActionMask = 2147483647;
			files = (
				7AD35C781A8AAA7B000A535A /* Main.storyboard in Resources */,
				7AD35C7D1A8AAA7B000A535A /* LaunchScreen.xib in Resources */,
				7AD35C7A1A8AAA7B000A535A /* Images.xcassets in Resources */,
			);
			runOnlyForDeploymentPostprocessing = 0;
		};
		7AD35C801A8AAA7B000A535A /* Resources */ = {
			isa = PBXResourcesBuildPhase;
			buildActionMask = 2147483647;
			files = (
			);
			runOnlyForDeploymentPostprocessing = 0;
		};
/* End PBXResourcesBuildPhase section */

/* Begin PBXSourcesBuildPhase section */
		7AD35C691A8AAA7B000A535A /* Sources */ = {
			isa = PBXSourcesBuildPhase;
			buildActionMask = 2147483647;
			files = (
				7AD35C751A8AAA7B000A535A /* ViewController.swift in Sources */,
				7AD35C731A8AAA7B000A535A /* AppDelegate.swift in Sources */,
			);
			runOnlyForDeploymentPostprocessing = 0;
		};
		7AD35C7E1A8AAA7B000A535A /* Sources */ = {
			isa = PBXSourcesBuildPhase;
			buildActionMask = 2147483647;
			files = (
				7AD35C891A8AAA7B000A535A /* CalculatorTests.swift in Sources */,
			);
			runOnlyForDeploymentPostprocessing = 0;
		};
/* End PBXSourcesBuildPhase section */

/* Begin PBXTargetDependency section */
		7AD35C841A8AAA7B000A535A /* PBXTargetDependency */ = {
			isa = PBXTargetDependency;
			target = 7AD35C6C1A8AAA7B000A535A /* Calculator */;
			targetProxy = 7AD35C831A8AAA7B000A535A /* PBXContainerItemProxy */;
		};
/* End PBXTargetDependency section */

/* Begin PBXVariantGroup section */
		7AD35C761A8AAA7B000A535A /* Main.storyboard */ = {
			isa = PBXVariantGroup;
			children = (
				7AD35C771A8AAA7B000A535A /* Base */,
			);
			name = Main.storyboard;
			sourceTree = "<group>";
		};
		7AD35C7B1A8AAA7B000A535A /* LaunchScreen.xib */ = {
			isa = PBXVariantGroup;
			children = (
				7AD35C7C1A8AAA7B000A535A /* Base */,
			);
			name = LaunchScreen.xib;
			sourceTree = "<group>";
		};
/* End PBXVariantGroup section */

/* Begin XCBuildConfiguration section */
		7AD35C8A1A8AAA7B000A535A /* Debug */ = {
			isa = XCBuildConfiguration;
			buildSettings = {
				ALWAYS_SEARCH_USER_PATHS = NO;
				CLANG_CXX_LANGUAGE_STANDARD = "gnu++0x";
				CLANG_CXX_LIBRARY = "libc++";
				CLANG_ENABLE_MODULES = YES;
				CLANG_ENABLE_OBJC_ARC = YES;
				CLANG_WARN_BOOL_CONVERSION = YES;
				CLANG_WARN_CONSTANT_CONVERSION = YES;
				CLANG_WARN_DIRECT_OBJC_ISA_USAGE = YES_ERROR;
				CLANG_WARN_EMPTY_BODY = YES;
				CLANG_WARN_ENUM_CONVERSION = YES;
				CLANG_WARN_INT_CONVERSION = YES;
				CLANG_WARN_OBJC_ROOT_CLASS = YES_ERROR;
				CLANG_WARN_UNREACHABLE_CODE = YES;
				CLANG_WARN__DUPLICATE_METHOD_MATCH = YES;
				"CODE_SIGN_IDENTITY[sdk=iphoneos*]" = "iPhone Developer";
				COPY_PHASE_STRIP = NO;
				ENABLE_STRICT_OBJC_MSGSEND = YES;
				GCC_C_LANGUAGE_STANDARD = gnu99;
				GCC_DYNAMIC_NO_PIC = NO;
				GCC_OPTIMIZATION_LEVEL = 0;
				GCC_PREPROCESSOR_DEFINITIONS = (
					"DEBUG=1",
					"$(inherited)",
				);
				GCC_SYMBOLS_PRIVATE_EXTERN = NO;
				GCC_WARN_64_TO_32_BIT_CONVERSION = YES;
				GCC_WARN_ABOUT_RETURN_TYPE = YES_ERROR;
				GCC_WARN_UNDECLARED_SELECTOR = YES;
				GCC_WARN_UNINITIALIZED_AUTOS = YES_AGGRESSIVE;
				GCC_WARN_UNUSED_FUNCTION = YES;
				GCC_WARN_UNUSED_VARIABLE = YES;
				IPHONEOS_DEPLOYMENT_TARGET = 8.1;
				MTL_ENABLE_DEBUG_INFO = YES;
				ONLY_ACTIVE_ARCH = YES;
				SDKROOT = iphoneos;
				SWIFT_OPTIMIZATION_LEVEL = "-Onone";
			};
			name = Debug;
		};
		7AD35C8B1A8AAA7B000A535A /* Release */ = {
			isa = XCBuildConfiguration;
			buildSettings = {
				ALWAYS_SEARCH_USER_PATHS = NO;
				CLANG_CXX_LANGUAGE_STANDARD = "gnu++0x";
				CLANG_CXX_LIBRARY = "libc++";
				CLANG_ENABLE_MODULES = YES;
				CLANG_ENABLE_OBJC_ARC = YES;
				CLANG_WARN_BOOL_CONVERSION = YES;
				CLANG_WARN_CONSTANT_CONVERSION = YES;
				CLANG_WARN_DIRECT_OBJC_ISA_USAGE = YES_ERROR;
				CLANG_WARN_EMPTY_BODY = YES;
				CLANG_WARN_ENUM_CONVERSION = YES;
				CLANG_WARN_INT_CONVERSION = YES;
				CLANG_WARN_OBJC_ROOT_CLASS = YES_ERROR;
				CLANG_WARN_UNREACHABLE_CODE = YES;
				CLANG_WARN__DUPLICATE_METHOD_MATCH = YES;
				"CODE_SIGN_IDENTITY[sdk=iphoneos*]" = "iPhone Developer";
				COPY_PHASE_STRIP = YES;
				ENABLE_NS_ASSERTIONS = NO;
				ENABLE_STRICT_OBJC_MSGSEND = YES;
				GCC_C_LANGUAGE_STANDARD = gnu99;
				GCC_WARN_64_TO_32_BIT_CONVERSION = YES;
				GCC_WARN_ABOUT_RETURN_TYPE = YES_ERROR;
				GCC_WARN_UNDECLARED_SELECTOR = YES;
				GCC_WARN_UNINITIALIZED_AUTOS = YES_AGGRESSIVE;
				GCC_WARN_UNUSED_FUNCTION = YES;
				GCC_WARN_UNUSED_VARIABLE = YES;
				IPHONEOS_DEPLOYMENT_TARGET = 8.1;
				MTL_ENABLE_DEBUG_INFO = NO;
				SDKROOT = iphoneos;
				VALIDATE_PRODUCT = YES;
			};
			name = Release;
		};
		7AD35C8D1A8AAA7B000A535A /* Debug */ = {
			isa = XCBuildConfiguration;
			buildSettings = {
				ASSETCATALOG_COMPILER_APPICON_NAME = AppIcon;
				INFOPLIST_FILE = Calculator/Info.plist;
				LD_RUNPATH_SEARCH_PATHS = "$(inherited) @executable_path/Frameworks";
				PRODUCT_NAME = "$(TARGET_NAME)";
			};
			name = Debug;
		};
		7AD35C8E1A8AAA7B000A535A /* Release */ = {
			isa = XCBuildConfiguration;
			buildSettings = {
				ASSETCATALOG_COMPILER_APPICON_NAME = AppIcon;
				INFOPLIST_FILE = Calculator/Info.plist;
				LD_RUNPATH_SEARCH_PATHS = "$(inherited) @executable_path/Frameworks";
				PRODUCT_NAME = "$(TARGET_NAME)";
			};
			name = Release;
		};
		7AD35C901A8AAA7B000A535A /* Debug */ = {
			isa = XCBuildConfiguration;
			buildSettings = {
				BUNDLE_LOADER = "$(TEST_HOST)";
				FRAMEWORK_SEARCH_PATHS = (
					"$(SDKROOT)/Developer/Library/Frameworks",
					"$(inherited)",
				);
				GCC_PREPROCESSOR_DEFINITIONS = (
					"DEBUG=1",
					"$(inherited)",
				);
				INFOPLIST_FILE = CalculatorTests/Info.plist;
				LD_RUNPATH_SEARCH_PATHS = "$(inherited) @executable_path/Frameworks @loader_path/Frameworks";
				PRODUCT_NAME = "$(TARGET_NAME)";
				TEST_HOST = "$(BUILT_PRODUCTS_DIR)/Calculator.app/Calculator";
			};
			name = Debug;
		};
		7AD35C911A8AAA7B000A535A /* Release */ = {
			isa = XCBuildConfiguration;
			buildSettings = {
				BUNDLE_LOADER = "$(TEST_HOST)";
				FRAMEWORK_SEARCH_PATHS = (
					"$(SDKROOT)/Developer/Library/Frameworks",
					"$(inherited)",
				);
				INFOPLIST_FILE = CalculatorTests/Info.plist;
				LD_RUNPATH_SEARCH_PATHS = "$(inherited) @executable_path/Frameworks @loader_path/Frameworks";
				PRODUCT_NAME = "$(TARGET_NAME)";
				TEST_HOST = "$(BUILT_PRODUCTS_DIR)/Calculator.app/Calculator";
			};
			name = Release;
		};
/* End XCBuildConfiguration section */

/* Begin XCConfigurationList section */
		7AD35C681A8AAA7B000A535A /* Build configuration list for PBXProject "Calculator" */ = {
			isa = XCConfigurationList;
			buildConfigurations = (
				7AD35C8A1A8AAA7B000A535A /* Debug */,
				7AD35C8B1A8AAA7B000A535A /* Release */,
			);
			defaultConfigurationIsVisible = 0;
			defaultConfigurationName = Release;
		};
		7AD35C8C1A8AAA7B000A535A /* Build configuration list for PBXNativeTarget "Calculator" */ = {
			isa = XCConfigurationList;
			buildConfigurations = (
				7AD35C8D1A8AAA7B000A535A /* Debug */,
				7AD35C8E1A8AAA7B000A535A /* Release */,
			);
			defaultConfigurationIsVisible = 0;
		};
		7AD35C8F1A8AAA7B000A535A /* Build configuration list for PBXNativeTarget "CalculatorTests" */ = {
			isa = XCConfigurationList;
			buildConfigurations = (
				7AD35C901A8AAA7B000A535A /* Debug */,
				7AD35C911A8AAA7B000A535A /* Release */,
			);
			defaultConfigurationIsVisible = 0;
		};
/* End XCConfigurationList section */
	};
	rootObject = 7AD35C651A8AAA7B000A535A /* Project object */;
}
