// !$*UTF8*$!
{
	archiveVersion = 1;
	classes = {
	};
	objectVersion = 46;
	objects = {

/* Begin PBXBuildFile section */
		7A537FA41A83034E00BE88CE /* AppDelegate.swift in Sources */ = {isa = PBXBuildFile; fileRef = 7A537FA31A83034E00BE88CE /* AppDelegate.swift */; };
		7A537FA61A83034E00BE88CE /* ViewController.swift in Sources */ = {isa = PBXBuildFile; fileRef = 7A537FA51A83034E00BE88CE /* ViewController.swift */; };
		7A537FA91A83034E00BE88CE /* Main.storyboard in Resources */ = {isa = PBXBuildFile; fileRef = 7A537FA71A83034E00BE88CE /* Main.storyboard */; };
		7A537FAB1A83034E00BE88CE /* Images.xcassets in Resources */ = {isa = PBXBuildFile; fileRef = 7A537FAA1A83034E00BE88CE /* Images.xcassets */; };
		7A537FAE1A83034E00BE88CE /* LaunchScreen.xib in Resources */ = {isa = PBXBuildFile; fileRef = 7A537FAC1A83034E00BE88CE /* LaunchScreen.xib */; };
		7A537FBA1A83034E00BE88CE /* Smile2Tests.swift in Sources */ = {isa = PBXBuildFile; fileRef = 7A537FB91A83034E00BE88CE /* Smile2Tests.swift */; };
/* End PBXBuildFile section */

/* Begin PBXContainerItemProxy section */
		7A537FB41A83034E00BE88CE /* PBXContainerItemProxy */ = {
			isa = PBXContainerItemProxy;
			containerPortal = 7A537F961A83034E00BE88CE /* Project object */;
			proxyType = 1;
			remoteGlobalIDString = 7A537F9D1A83034E00BE88CE;
			remoteInfo = Smile2;
		};
/* End PBXContainerItemProxy section */

/* Begin PBXFileReference section */
		7A537F9E1A83034E00BE88CE /* Smile2.app */ = {isa = PBXFileReference; explicitFileType = wrapper.application; includeInIndex = 0; path = Smile2.app; sourceTree = BUILT_PRODUCTS_DIR; };
		7A537FA21A83034E00BE88CE /* Info.plist */ = {isa = PBXFileReference; lastKnownFileType = text.plist.xml; path = Info.plist; sourceTree = "<group>"; };
		7A537FA31A83034E00BE88CE /* AppDelegate.swift */ = {isa = PBXFileReference; lastKnownFileType = sourcecode.swift; path = AppDelegate.swift; sourceTree = "<group>"; };
		7A537FA51A83034E00BE88CE /* ViewController.swift */ = {isa = PBXFileReference; lastKnownFileType = sourcecode.swift; path = ViewController.swift; sourceTree = "<group>"; };
		7A537FA81A83034E00BE88CE /* Base */ = {isa = PBXFileReference; lastKnownFileType = file.storyboard; name = Base; path = Base.lproj/Main.storyboard; sourceTree = "<group>"; };
		7A537FAA1A83034E00BE88CE /* Images.xcassets */ = {isa = PBXFileReference; lastKnownFileType = folder.assetcatalog; path = Images.xcassets; sourceTree = "<group>"; };
		7A537FAD1A83034E00BE88CE /* Base */ = {isa = PBXFileReference; lastKnownFileType = file.xib; name = Base; path = Base.lproj/LaunchScreen.xib; sourceTree = "<group>"; };
		7A537FB31A83034E00BE88CE /* Smile2Tests.xctest */ = {isa = PBXFileReference; explicitFileType = wrapper.cfbundle; includeInIndex = 0; path = Smile2Tests.xctest; sourceTree = BUILT_PRODUCTS_DIR; };
		7A537FB81A83034E00BE88CE /* Info.plist */ = {isa = PBXFileReference; lastKnownFileType = text.plist.xml; path = Info.plist; sourceTree = "<group>"; };
		7A537FB91A83034E00BE88CE /* Smile2Tests.swift */ = {isa = PBXFileReference; lastKnownFileType = sourcecode.swift; path = Smile2Tests.swift; sourceTree = "<group>"; };
/* End PBXFileReference section */

/* Begin PBXFrameworksBuildPhase section */
		7A537F9B1A83034E00BE88CE /* Frameworks */ = {
			isa = PBXFrameworksBuildPhase;
			buildActionMask = 2147483647;
			files = (
			);
			runOnlyForDeploymentPostprocessing = 0;
		};
		7A537FB01A83034E00BE88CE /* Frameworks */ = {
			isa = PBXFrameworksBuildPhase;
			buildActionMask = 2147483647;
			files = (
			);
			runOnlyForDeploymentPostprocessing = 0;
		};
/* End PBXFrameworksBuildPhase section */

/* Begin PBXGroup section */
		7A537F951A83034E00BE88CE = {
			isa = PBXGroup;
			children = (
				7A537FA01A83034E00BE88CE /* Smile2 */,
				7A537FB61A83034E00BE88CE /* Smile2Tests */,
				7A537F9F1A83034E00BE88CE /* Products */,
			);
			sourceTree = "<group>";
		};
		7A537F9F1A83034E00BE88CE /* Products */ = {
			isa = PBXGroup;
			children = (
				7A537F9E1A83034E00BE88CE /* Smile2.app */,
				7A537FB31A83034E00BE88CE /* Smile2Tests.xctest */,
			);
			name = Products;
			sourceTree = "<group>";
		};
		7A537FA01A83034E00BE88CE /* Smile2 */ = {
			isa = PBXGroup;
			children = (
				7A537FA31A83034E00BE88CE /* AppDelegate.swift */,
				7A537FA51A83034E00BE88CE /* ViewController.swift */,
				7A537FA71A83034E00BE88CE /* Main.storyboard */,
				7A537FAA1A83034E00BE88CE /* Images.xcassets */,
				7A537FAC1A83034E00BE88CE /* LaunchScreen.xib */,
				7A537FA11A83034E00BE88CE /* Supporting Files */,
			);
			path = Smile2;
			sourceTree = "<group>";
		};
		7A537FA11A83034E00BE88CE /* Supporting Files */ = {
			isa = PBXGroup;
			children = (
				7A537FA21A83034E00BE88CE /* Info.plist */,
			);
			name = "Supporting Files";
			sourceTree = "<group>";
		};
		7A537FB61A83034E00BE88CE /* Smile2Tests */ = {
			isa = PBXGroup;
			children = (
				7A537FB91A83034E00BE88CE /* Smile2Tests.swift */,
				7A537FB71A83034E00BE88CE /* Supporting Files */,
			);
			path = Smile2Tests;
			sourceTree = "<group>";
		};
		7A537FB71A83034E00BE88CE /* Supporting Files */ = {
			isa = PBXGroup;
			children = (
				7A537FB81A83034E00BE88CE /* Info.plist */,
			);
			name = "Supporting Files";
			sourceTree = "<group>";
		};
/* End PBXGroup section */

/* Begin PBXNativeTarget section */
		7A537F9D1A83034E00BE88CE /* Smile2 */ = {
			isa = PBXNativeTarget;
			buildConfigurationList = 7A537FBD1A83034E00BE88CE /* Build configuration list for PBXNativeTarget "Smile2" */;
			buildPhases = (
				7A537F9A1A83034E00BE88CE /* Sources */,
				7A537F9B1A83034E00BE88CE /* Frameworks */,
				7A537F9C1A83034E00BE88CE /* Resources */,
			);
			buildRules = (
			);
			dependencies = (
			);
			name = Smile2;
			productName = Smile2;
			productReference = 7A537F9E1A83034E00BE88CE /* Smile2.app */;
			productType = "com.apple.product-type.application";
		};
		7A537FB21A83034E00BE88CE /* Smile2Tests */ = {
			isa = PBXNativeTarget;
			buildConfigurationList = 7A537FC01A83034E00BE88CE /* Build configuration list for PBXNativeTarget "Smile2Tests" */;
			buildPhases = (
				7A537FAF1A83034E00BE88CE /* Sources */,
				7A537FB01A83034E00BE88CE /* Frameworks */,
				7A537FB11A83034E00BE88CE /* Resources */,
			);
			buildRules = (
			);
			dependencies = (
				7A537FB51A83034E00BE88CE /* PBXTargetDependency */,
			);
			name = Smile2Tests;
			productName = Smile2Tests;
			productReference = 7A537FB31A83034E00BE88CE /* Smile2Tests.xctest */;
			productType = "com.apple.product-type.bundle.unit-test";
		};
/* End PBXNativeTarget section */

/* Begin PBXProject section */
		7A537F961A83034E00BE88CE /* Project object */ = {
			isa = PBXProject;
			attributes = {
				LastUpgradeCheck = 0610;
				ORGANIZATIONNAME = "Charlyn Buchanan";
				TargetAttributes = {
					7A537F9D1A83034E00BE88CE = {
						CreatedOnToolsVersion = 6.1.1;
					};
					7A537FB21A83034E00BE88CE = {
						CreatedOnToolsVersion = 6.1.1;
						TestTargetID = 7A537F9D1A83034E00BE88CE;
					};
				};
			};
			buildConfigurationList = 7A537F991A83034E00BE88CE /* Build configuration list for PBXProject "Smile2" */;
			compatibilityVersion = "Xcode 3.2";
			developmentRegion = English;
			hasScannedForEncodings = 0;
			knownRegions = (
				en,
				Base,
			);
			mainGroup = 7A537F951A83034E00BE88CE;
			productRefGroup = 7A537F9F1A83034E00BE88CE /* Products */;
			projectDirPath = "";
			projectRoot = "";
			targets = (
				7A537F9D1A83034E00BE88CE /* Smile2 */,
				7A537FB21A83034E00BE88CE /* Smile2Tests */,
			);
		};
/* End PBXProject section */

/* Begin PBXResourcesBuildPhase section */
		7A537F9C1A83034E00BE88CE /* Resources */ = {
			isa = PBXResourcesBuildPhase;
			buildActionMask = 2147483647;
			files = (
				7A537FA91A83034E00BE88CE /* Main.storyboard in Resources */,
				7A537FAE1A83034E00BE88CE /* LaunchScreen.xib in Resources */,
				7A537FAB1A83034E00BE88CE /* Images.xcassets in Resources */,
			);
			runOnlyForDeploymentPostprocessing = 0;
		};
		7A537FB11A83034E00BE88CE /* Resources */ = {
			isa = PBXResourcesBuildPhase;
			buildActionMask = 2147483647;
			files = (
			);
			runOnlyForDeploymentPostprocessing = 0;
		};
/* End PBXResourcesBuildPhase section */

/* Begin PBXSourcesBuildPhase section */
		7A537F9A1A83034E00BE88CE /* Sources */ = {
			isa = PBXSourcesBuildPhase;
			buildActionMask = 2147483647;
			files = (
				7A537FA61A83034E00BE88CE /* ViewController.swift in Sources */,
				7A537FA41A83034E00BE88CE /* AppDelegate.swift in Sources */,
			);
			runOnlyForDeploymentPostprocessing = 0;
		};
		7A537FAF1A83034E00BE88CE /* Sources */ = {
			isa = PBXSourcesBuildPhase;
			buildActionMask = 2147483647;
			files = (
				7A537FBA1A83034E00BE88CE /* Smile2Tests.swift in Sources */,
			);
			runOnlyForDeploymentPostprocessing = 0;
		};
/* End PBXSourcesBuildPhase section */

/* Begin PBXTargetDependency section */
		7A537FB51A83034E00BE88CE /* PBXTargetDependency */ = {
			isa = PBXTargetDependency;
			target = 7A537F9D1A83034E00BE88CE /* Smile2 */;
			targetProxy = 7A537FB41A83034E00BE88CE /* PBXContainerItemProxy */;
		};
/* End PBXTargetDependency section */

/* Begin PBXVariantGroup section */
		7A537FA71A83034E00BE88CE /* Main.storyboard */ = {
			isa = PBXVariantGroup;
			children = (
				7A537FA81A83034E00BE88CE /* Base */,
			);
			name = Main.storyboard;
			sourceTree = "<group>";
		};
		7A537FAC1A83034E00BE88CE /* LaunchScreen.xib */ = {
			isa = PBXVariantGroup;
			children = (
				7A537FAD1A83034E00BE88CE /* Base */,
			);
			name = LaunchScreen.xib;
			sourceTree = "<group>";
		};
/* End PBXVariantGroup section */

/* Begin XCBuildConfiguration section */
		7A537FBB1A83034E00BE88CE /* Debug */ = {
			isa = XCBuildConfiguration;
			buildSettings = {
				ALWAYS_SEARCH_USER_PATHS = NO;
				CLANG_CXX_LANGUAGE_STANDARD = "gnu++0x";
				CLANG_CXX_LIBRARY = "libc++";
				CLANG_ENABLE_MODULES = YES;
				CLANG_ENABLE_OBJC_ARC = YES;
				CLANG_WARN_BOOL_CONVERSION = YES;
				CLANG_WARN_CONSTANT_CONVERSION = YES;
				CLANG_WARN_DIRECT_OBJC_ISA_USAGE = YES_ERROR;
				CLANG_WARN_EMPTY_BODY = YES;
				CLANG_WARN_ENUM_CONVERSION = YES;
				CLANG_WARN_INT_CONVERSION = YES;
				CLANG_WARN_OBJC_ROOT_CLASS = YES_ERROR;
				CLANG_WARN_UNREACHABLE_CODE = YES;
				CLANG_WARN__DUPLICATE_METHOD_MATCH = YES;
				"CODE_SIGN_IDENTITY[sdk=iphoneos*]" = "iPhone Developer";
				COPY_PHASE_STRIP = NO;
				ENABLE_STRICT_OBJC_MSGSEND = YES;
				GCC_C_LANGUAGE_STANDARD = gnu99;
				GCC_DYNAMIC_NO_PIC = NO;
				GCC_OPTIMIZATION_LEVEL = 0;
				GCC_PREPROCESSOR_DEFINITIONS = (
					"DEBUG=1",
					"$(inherited)",
				);
				GCC_SYMBOLS_PRIVATE_EXTERN = NO;
				GCC_WARN_64_TO_32_BIT_CONVERSION = YES;
				GCC_WARN_ABOUT_RETURN_TYPE = YES_ERROR;
				GCC_WARN_UNDECLARED_SELECTOR = YES;
				GCC_WARN_UNINITIALIZED_AUTOS = YES_AGGRESSIVE;
				GCC_WARN_UNUSED_FUNCTION = YES;
				GCC_WARN_UNUSED_VARIABLE = YES;
				IPHONEOS_DEPLOYMENT_TARGET = 8.1;
				MTL_ENABLE_DEBUG_INFO = YES;
				ONLY_ACTIVE_ARCH = YES;
				SDKROOT = iphoneos;
				SWIFT_OPTIMIZATION_LEVEL = "-Onone";
			};
			name = Debug;
		};
		7A537FBC1A83034E00BE88CE /* Release */ = {
			isa = XCBuildConfiguration;
			buildSettings = {
				ALWAYS_SEARCH_USER_PATHS = NO;
				CLANG_CXX_LANGUAGE_STANDARD = "gnu++0x";
				CLANG_CXX_LIBRARY = "libc++";
				CLANG_ENABLE_MODULES = YES;
				CLANG_ENABLE_OBJC_ARC = YES;
				CLANG_WARN_BOOL_CONVERSION = YES;
				CLANG_WARN_CONSTANT_CONVERSION = YES;
				CLANG_WARN_DIRECT_OBJC_ISA_USAGE = YES_ERROR;
				CLANG_WARN_EMPTY_BODY = YES;
				CLANG_WARN_ENUM_CONVERSION = YES;
				CLANG_WARN_INT_CONVERSION = YES;
				CLANG_WARN_OBJC_ROOT_CLASS = YES_ERROR;
				CLANG_WARN_UNREACHABLE_CODE = YES;
				CLANG_WARN__DUPLICATE_METHOD_MATCH = YES;
				"CODE_SIGN_IDENTITY[sdk=iphoneos*]" = "iPhone Developer";
				COPY_PHASE_STRIP = YES;
				ENABLE_NS_ASSERTIONS = NO;
				ENABLE_STRICT_OBJC_MSGSEND = YES;
				GCC_C_LANGUAGE_STANDARD = gnu99;
				GCC_WARN_64_TO_32_BIT_CONVERSION = YES;
				GCC_WARN_ABOUT_RETURN_TYPE = YES_ERROR;
				GCC_WARN_UNDECLARED_SELECTOR = YES;
				GCC_WARN_UNINITIALIZED_AUTOS = YES_AGGRESSIVE;
				GCC_WARN_UNUSED_FUNCTION = YES;
				GCC_WARN_UNUSED_VARIABLE = YES;
				IPHONEOS_DEPLOYMENT_TARGET = 8.1;
				MTL_ENABLE_DEBUG_INFO = NO;
				SDKROOT = iphoneos;
				VALIDATE_PRODUCT = YES;
			};
			name = Release;
		};
		7A537FBE1A83034E00BE88CE /* Debug */ = {
			isa = XCBuildConfiguration;
			buildSettings = {
				ASSETCATALOG_COMPILER_APPICON_NAME = AppIcon;
				INFOPLIST_FILE = Smile2/Info.plist;
				LD_RUNPATH_SEARCH_PATHS = "$(inherited) @executable_path/Frameworks";
				PRODUCT_NAME = "$(TARGET_NAME)";
			};
			name = Debug;
		};
		7A537FBF1A83034E00BE88CE /* Release */ = {
			isa = XCBuildConfiguration;
			buildSettings = {
				ASSETCATALOG_COMPILER_APPICON_NAME = AppIcon;
				INFOPLIST_FILE = Smile2/Info.plist;
				LD_RUNPATH_SEARCH_PATHS = "$(inherited) @executable_path/Frameworks";
				PRODUCT_NAME = "$(TARGET_NAME)";
			};
			name = Release;
		};
		7A537FC11A83034E00BE88CE /* Debug */ = {
			isa = XCBuildConfiguration;
			buildSettings = {
				BUNDLE_LOADER = "$(TEST_HOST)";
				FRAMEWORK_SEARCH_PATHS = (
					"$(SDKROOT)/Developer/Library/Frameworks",
					"$(inherited)",
				);
				GCC_PREPROCESSOR_DEFINITIONS = (
					"DEBUG=1",
					"$(inherited)",
				);
				INFOPLIST_FILE = Smile2Tests/Info.plist;
				LD_RUNPATH_SEARCH_PATHS = "$(inherited) @executable_path/Frameworks @loader_path/Frameworks";
				PRODUCT_NAME = "$(TARGET_NAME)";
				TEST_HOST = "$(BUILT_PRODUCTS_DIR)/Smile2.app/Smile2";
			};
			name = Debug;
		};
		7A537FC21A83034E00BE88CE /* Release */ = {
			isa = XCBuildConfiguration;
			buildSettings = {
				BUNDLE_LOADER = "$(TEST_HOST)";
				FRAMEWORK_SEARCH_PATHS = (
					"$(SDKROOT)/Developer/Library/Frameworks",
					"$(inherited)",
				);
				INFOPLIST_FILE = Smile2Tests/Info.plist;
				LD_RUNPATH_SEARCH_PATHS = "$(inherited) @executable_path/Frameworks @loader_path/Frameworks";
				PRODUCT_NAME = "$(TARGET_NAME)";
				TEST_HOST = "$(BUILT_PRODUCTS_DIR)/Smile2.app/Smile2";
			};
			name = Release;
		};
/* End XCBuildConfiguration section */

/* Begin XCConfigurationList section */
		7A537F991A83034E00BE88CE /* Build configuration list for PBXProject "Smile2" */ = {
			isa = XCConfigurationList;
			buildConfigurations = (
				7A537FBB1A83034E00BE88CE /* Debug */,
				7A537FBC1A83034E00BE88CE /* Release */,
			);
			defaultConfigurationIsVisible = 0;
			defaultConfigurationName = Release;
		};
		7A537FBD1A83034E00BE88CE /* Build configuration list for PBXNativeTarget "Smile2" */ = {
			isa = XCConfigurationList;
			buildConfigurations = (
				7A537FBE1A83034E00BE88CE /* Debug */,
				7A537FBF1A83034E00BE88CE /* Release */,
			);
			defaultConfigurationIsVisible = 0;
		};
		7A537FC01A83034E00BE88CE /* Build configuration list for PBXNativeTarget "Smile2Tests" */ = {
			isa = XCConfigurationList;
			buildConfigurations = (
				7A537FC11A83034E00BE88CE /* Debug */,
				7A537FC21A83034E00BE88CE /* Release */,
			);
			defaultConfigurationIsVisible = 0;
		};
/* End XCConfigurationList section */
	};
	rootObject = 7A537F961A83034E00BE88CE /* Project object */;
}
