// !$*UTF8*$!
{
	archiveVersion = 1;
	classes = {
	};
	objectVersion = 46;
	objects = {

/* Begin PBXBuildFile section */
		7A9AD1B81A8545E000421A89 /* AppDelegate.swift in Sources */ = {isa = PBXBuildFile; fileRef = 7A9AD1B71A8545E000421A89 /* AppDelegate.swift */; };
		7A9AD1BA1A8545E000421A89 /* ViewController.swift in Sources */ = {isa = PBXBuildFile; fileRef = 7A9AD1B91A8545E000421A89 /* ViewController.swift */; };
		7A9AD1BD1A8545E000421A89 /* Main.storyboard in Resources */ = {isa = PBXBuildFile; fileRef = 7A9AD1BB1A8545E000421A89 /* Main.storyboard */; };
		7A9AD1BF1A8545E000421A89 /* Images.xcassets in Resources */ = {isa = PBXBuildFile; fileRef = 7A9AD1BE1A8545E000421A89 /* Images.xcassets */; };
		7A9AD1C21A8545E000421A89 /* LaunchScreen.xib in Resources */ = {isa = PBXBuildFile; fileRef = 7A9AD1C01A8545E000421A89 /* LaunchScreen.xib */; };
		7A9AD1CE1A8545E000421A89 /* HotdogsTests.swift in Sources */ = {isa = PBXBuildFile; fileRef = 7A9AD1CD1A8545E000421A89 /* HotdogsTests.swift */; };
		7A9AD1DA1A8546CC00421A89 /* background@2x.png in Resources */ = {isa = PBXBuildFile; fileRef = 7A9AD1D71A8546CC00421A89 /* background@2x.png */; };
		7A9AD1DB1A8546CC00421A89 /* hotDogHighlighted@2x.png in Resources */ = {isa = PBXBuildFile; fileRef = 7A9AD1D81A8546CC00421A89 /* hotDogHighlighted@2x.png */; };
		7A9AD1DC1A8546CC00421A89 /* hotDogNormal@2x.png in Resources */ = {isa = PBXBuildFile; fileRef = 7A9AD1D91A8546CC00421A89 /* hotDogNormal@2x.png */; };
/* End PBXBuildFile section */

/* Begin PBXContainerItemProxy section */
		7A9AD1C81A8545E000421A89 /* PBXContainerItemProxy */ = {
			isa = PBXContainerItemProxy;
			containerPortal = 7A9AD1AA1A8545E000421A89 /* Project object */;
			proxyType = 1;
			remoteGlobalIDString = 7A9AD1B11A8545E000421A89;
			remoteInfo = Hotdogs;
		};
/* End PBXContainerItemProxy section */

/* Begin PBXFileReference section */
		7A9AD1B21A8545E000421A89 /* Hotdogs.app */ = {isa = PBXFileReference; explicitFileType = wrapper.application; includeInIndex = 0; path = Hotdogs.app; sourceTree = BUILT_PRODUCTS_DIR; };
		7A9AD1B61A8545E000421A89 /* Info.plist */ = {isa = PBXFileReference; lastKnownFileType = text.plist.xml; path = Info.plist; sourceTree = "<group>"; };
		7A9AD1B71A8545E000421A89 /* AppDelegate.swift */ = {isa = PBXFileReference; lastKnownFileType = sourcecode.swift; path = AppDelegate.swift; sourceTree = "<group>"; };
		7A9AD1B91A8545E000421A89 /* ViewController.swift */ = {isa = PBXFileReference; lastKnownFileType = sourcecode.swift; path = ViewController.swift; sourceTree = "<group>"; };
		7A9AD1BC1A8545E000421A89 /* Base */ = {isa = PBXFileReference; lastKnownFileType = file.storyboard; name = Base; path = Base.lproj/Main.storyboard; sourceTree = "<group>"; };
		7A9AD1BE1A8545E000421A89 /* Images.xcassets */ = {isa = PBXFileReference; lastKnownFileType = folder.assetcatalog; path = Images.xcassets; sourceTree = "<group>"; };
		7A9AD1C11A8545E000421A89 /* Base */ = {isa = PBXFileReference; lastKnownFileType = file.xib; name = Base; path = Base.lproj/LaunchScreen.xib; sourceTree = "<group>"; };
		7A9AD1C71A8545E000421A89 /* HotdogsTests.xctest */ = {isa = PBXFileReference; explicitFileType = wrapper.cfbundle; includeInIndex = 0; path = HotdogsTests.xctest; sourceTree = BUILT_PRODUCTS_DIR; };
		7A9AD1CC1A8545E000421A89 /* Info.plist */ = {isa = PBXFileReference; lastKnownFileType = text.plist.xml; path = Info.plist; sourceTree = "<group>"; };
		7A9AD1CD1A8545E000421A89 /* HotdogsTests.swift */ = {isa = PBXFileReference; lastKnownFileType = sourcecode.swift; path = HotdogsTests.swift; sourceTree = "<group>"; };
		7A9AD1D71A8546CC00421A89 /* background@2x.png */ = {isa = PBXFileReference; lastKnownFileType = image.png; path = "background@2x.png"; sourceTree = "<group>"; };
		7A9AD1D81A8546CC00421A89 /* hotDogHighlighted@2x.png */ = {isa = PBXFileReference; lastKnownFileType = image.png; path = "hotDogHighlighted@2x.png"; sourceTree = "<group>"; };
		7A9AD1D91A8546CC00421A89 /* hotDogNormal@2x.png */ = {isa = PBXFileReference; lastKnownFileType = image.png; path = "hotDogNormal@2x.png"; sourceTree = "<group>"; };
/* End PBXFileReference section */

/* Begin PBXFrameworksBuildPhase section */
		7A9AD1AF1A8545E000421A89 /* Frameworks */ = {
			isa = PBXFrameworksBuildPhase;
			buildActionMask = 2147483647;
			files = (
			);
			runOnlyForDeploymentPostprocessing = 0;
		};
		7A9AD1C41A8545E000421A89 /* Frameworks */ = {
			isa = PBXFrameworksBuildPhase;
			buildActionMask = 2147483647;
			files = (
			);
			runOnlyForDeploymentPostprocessing = 0;
		};
/* End PBXFrameworksBuildPhase section */

/* Begin PBXGroup section */
		7A9AD1A91A8545E000421A89 = {
			isa = PBXGroup;
			children = (
				7A9AD1B41A8545E000421A89 /* Hotdogs */,
				7A9AD1CA1A8545E000421A89 /* HotdogsTests */,
				7A9AD1B31A8545E000421A89 /* Products */,
			);
			sourceTree = "<group>";
		};
		7A9AD1B31A8545E000421A89 /* Products */ = {
			isa = PBXGroup;
			children = (
				7A9AD1B21A8545E000421A89 /* Hotdogs.app */,
				7A9AD1C71A8545E000421A89 /* HotdogsTests.xctest */,
			);
			name = Products;
			sourceTree = "<group>";
		};
		7A9AD1B41A8545E000421A89 /* Hotdogs */ = {
			isa = PBXGroup;
			children = (
				7A9AD1B71A8545E000421A89 /* AppDelegate.swift */,
				7A9AD1B91A8545E000421A89 /* ViewController.swift */,
				7A9AD1BB1A8545E000421A89 /* Main.storyboard */,
				7A9AD1BE1A8545E000421A89 /* Images.xcassets */,
				7A9AD1D81A8546CC00421A89 /* hotDogHighlighted@2x.png */,
				7A9AD1D71A8546CC00421A89 /* background@2x.png */,
				7A9AD1D91A8546CC00421A89 /* hotDogNormal@2x.png */,
				7A9AD1C01A8545E000421A89 /* LaunchScreen.xib */,
				7A9AD1B51A8545E000421A89 /* Supporting Files */,
			);
			path = Hotdogs;
			sourceTree = "<group>";
		};
		7A9AD1B51A8545E000421A89 /* Supporting Files */ = {
			isa = PBXGroup;
			children = (
				7A9AD1B61A8545E000421A89 /* Info.plist */,
			);
			name = "Supporting Files";
			sourceTree = "<group>";
		};
		7A9AD1CA1A8545E000421A89 /* HotdogsTests */ = {
			isa = PBXGroup;
			children = (
				7A9AD1CD1A8545E000421A89 /* HotdogsTests.swift */,
				7A9AD1CB1A8545E000421A89 /* Supporting Files */,
			);
			path = HotdogsTests;
			sourceTree = "<group>";
		};
		7A9AD1CB1A8545E000421A89 /* Supporting Files */ = {
			isa = PBXGroup;
			children = (
				7A9AD1CC1A8545E000421A89 /* Info.plist */,
			);
			name = "Supporting Files";
			sourceTree = "<group>";
		};
/* End PBXGroup section */

/* Begin PBXNativeTarget section */
		7A9AD1B11A8545E000421A89 /* Hotdogs */ = {
			isa = PBXNativeTarget;
			buildConfigurationList = 7A9AD1D11A8545E000421A89 /* Build configuration list for PBXNativeTarget "Hotdogs" */;
			buildPhases = (
				7A9AD1AE1A8545E000421A89 /* Sources */,
				7A9AD1AF1A8545E000421A89 /* Frameworks */,
				7A9AD1B01A8545E000421A89 /* Resources */,
			);
			buildRules = (
			);
			dependencies = (
			);
			name = Hotdogs;
			productName = Hotdogs;
			productReference = 7A9AD1B21A8545E000421A89 /* Hotdogs.app */;
			productType = "com.apple.product-type.application";
		};
		7A9AD1C61A8545E000421A89 /* HotdogsTests */ = {
			isa = PBXNativeTarget;
			buildConfigurationList = 7A9AD1D41A8545E000421A89 /* Build configuration list for PBXNativeTarget "HotdogsTests" */;
			buildPhases = (
				7A9AD1C31A8545E000421A89 /* Sources */,
				7A9AD1C41A8545E000421A89 /* Frameworks */,
				7A9AD1C51A8545E000421A89 /* Resources */,
			);
			buildRules = (
			);
			dependencies = (
				7A9AD1C91A8545E000421A89 /* PBXTargetDependency */,
			);
			name = HotdogsTests;
			productName = HotdogsTests;
			productReference = 7A9AD1C71A8545E000421A89 /* HotdogsTests.xctest */;
			productType = "com.apple.product-type.bundle.unit-test";
		};
/* End PBXNativeTarget section */

/* Begin PBXProject section */
		7A9AD1AA1A8545E000421A89 /* Project object */ = {
			isa = PBXProject;
			attributes = {
				LastUpgradeCheck = 0610;
				ORGANIZATIONNAME = "Charlyn Buchanan";
				TargetAttributes = {
					7A9AD1B11A8545E000421A89 = {
						CreatedOnToolsVersion = 6.1.1;
					};
					7A9AD1C61A8545E000421A89 = {
						CreatedOnToolsVersion = 6.1.1;
						TestTargetID = 7A9AD1B11A8545E000421A89;
					};
				};
			};
			buildConfigurationList = 7A9AD1AD1A8545E000421A89 /* Build configuration list for PBXProject "Hotdogs" */;
			compatibilityVersion = "Xcode 3.2";
			developmentRegion = English;
			hasScannedForEncodings = 0;
			knownRegions = (
				en,
				Base,
			);
			mainGroup = 7A9AD1A91A8545E000421A89;
			productRefGroup = 7A9AD1B31A8545E000421A89 /* Products */;
			projectDirPath = "";
			projectRoot = "";
			targets = (
				7A9AD1B11A8545E000421A89 /* Hotdogs */,
				7A9AD1C61A8545E000421A89 /* HotdogsTests */,
			);
		};
/* End PBXProject section */

/* Begin PBXResourcesBuildPhase section */
		7A9AD1B01A8545E000421A89 /* Resources */ = {
			isa = PBXResourcesBuildPhase;
			buildActionMask = 2147483647;
			files = (
				7A9AD1DC1A8546CC00421A89 /* hotDogNormal@2x.png in Resources */,
				7A9AD1BD1A8545E000421A89 /* Main.storyboard in Resources */,
				7A9AD1C21A8545E000421A89 /* LaunchScreen.xib in Resources */,
				7A9AD1DA1A8546CC00421A89 /* background@2x.png in Resources */,
				7A9AD1DB1A8546CC00421A89 /* hotDogHighlighted@2x.png in Resources */,
				7A9AD1BF1A8545E000421A89 /* Images.xcassets in Resources */,
			);
			runOnlyForDeploymentPostprocessing = 0;
		};
		7A9AD1C51A8545E000421A89 /* Resources */ = {
			isa = PBXResourcesBuildPhase;
			buildActionMask = 2147483647;
			files = (
			);
			runOnlyForDeploymentPostprocessing = 0;
		};
/* End PBXResourcesBuildPhase section */

/* Begin PBXSourcesBuildPhase section */
		7A9AD1AE1A8545E000421A89 /* Sources */ = {
			isa = PBXSourcesBuildPhase;
			buildActionMask = 2147483647;
			files = (
				7A9AD1BA1A8545E000421A89 /* ViewController.swift in Sources */,
				7A9AD1B81A8545E000421A89 /* AppDelegate.swift in Sources */,
			);
			runOnlyForDeploymentPostprocessing = 0;
		};
		7A9AD1C31A8545E000421A89 /* Sources */ = {
			isa = PBXSourcesBuildPhase;
			buildActionMask = 2147483647;
			files = (
				7A9AD1CE1A8545E000421A89 /* HotdogsTests.swift in Sources */,
			);
			runOnlyForDeploymentPostprocessing = 0;
		};
/* End PBXSourcesBuildPhase section */

/* Begin PBXTargetDependency section */
		7A9AD1C91A8545E000421A89 /* PBXTargetDependency */ = {
			isa = PBXTargetDependency;
			target = 7A9AD1B11A8545E000421A89 /* Hotdogs */;
			targetProxy = 7A9AD1C81A8545E000421A89 /* PBXContainerItemProxy */;
		};
/* End PBXTargetDependency section */

/* Begin PBXVariantGroup section */
		7A9AD1BB1A8545E000421A89 /* Main.storyboard */ = {
			isa = PBXVariantGroup;
			children = (
				7A9AD1BC1A8545E000421A89 /* Base */,
			);
			name = Main.storyboard;
			sourceTree = "<group>";
		};
		7A9AD1C01A8545E000421A89 /* LaunchScreen.xib */ = {
			isa = PBXVariantGroup;
			children = (
				7A9AD1C11A8545E000421A89 /* Base */,
			);
			name = LaunchScreen.xib;
			sourceTree = "<group>";
		};
/* End PBXVariantGroup section */

/* Begin XCBuildConfiguration section */
		7A9AD1CF1A8545E000421A89 /* Debug */ = {
			isa = XCBuildConfiguration;
			buildSettings = {
				ALWAYS_SEARCH_USER_PATHS = NO;
				CLANG_CXX_LANGUAGE_STANDARD = "gnu++0x";
				CLANG_CXX_LIBRARY = "libc++";
				CLANG_ENABLE_MODULES = YES;
				CLANG_ENABLE_OBJC_ARC = YES;
				CLANG_WARN_BOOL_CONVERSION = YES;
				CLANG_WARN_CONSTANT_CONVERSION = YES;
				CLANG_WARN_DIRECT_OBJC_ISA_USAGE = YES_ERROR;
				CLANG_WARN_EMPTY_BODY = YES;
				CLANG_WARN_ENUM_CONVERSION = YES;
				CLANG_WARN_INT_CONVERSION = YES;
				CLANG_WARN_OBJC_ROOT_CLASS = YES_ERROR;
				CLANG_WARN_UNREACHABLE_CODE = YES;
				CLANG_WARN__DUPLICATE_METHOD_MATCH = YES;
				"CODE_SIGN_IDENTITY[sdk=iphoneos*]" = "iPhone Developer";
				COPY_PHASE_STRIP = NO;
				ENABLE_STRICT_OBJC_MSGSEND = YES;
				GCC_C_LANGUAGE_STANDARD = gnu99;
				GCC_DYNAMIC_NO_PIC = NO;
				GCC_OPTIMIZATION_LEVEL = 0;
				GCC_PREPROCESSOR_DEFINITIONS = (
					"DEBUG=1",
					"$(inherited)",
				);
				GCC_SYMBOLS_PRIVATE_EXTERN = NO;
				GCC_WARN_64_TO_32_BIT_CONVERSION = YES;
				GCC_WARN_ABOUT_RETURN_TYPE = YES_ERROR;
				GCC_WARN_UNDECLARED_SELECTOR = YES;
				GCC_WARN_UNINITIALIZED_AUTOS = YES_AGGRESSIVE;
				GCC_WARN_UNUSED_FUNCTION = YES;
				GCC_WARN_UNUSED_VARIABLE = YES;
				IPHONEOS_DEPLOYMENT_TARGET = 8.1;
				MTL_ENABLE_DEBUG_INFO = YES;
				ONLY_ACTIVE_ARCH = YES;
				SDKROOT = iphoneos;
				SWIFT_OPTIMIZATION_LEVEL = "-Onone";
			};
			name = Debug;
		};
		7A9AD1D01A8545E000421A89 /* Release */ = {
			isa = XCBuildConfiguration;
			buildSettings = {
				ALWAYS_SEARCH_USER_PATHS = NO;
				CLANG_CXX_LANGUAGE_STANDARD = "gnu++0x";
				CLANG_CXX_LIBRARY = "libc++";
				CLANG_ENABLE_MODULES = YES;
				CLANG_ENABLE_OBJC_ARC = YES;
				CLANG_WARN_BOOL_CONVERSION = YES;
				CLANG_WARN_CONSTANT_CONVERSION = YES;
				CLANG_WARN_DIRECT_OBJC_ISA_USAGE = YES_ERROR;
				CLANG_WARN_EMPTY_BODY = YES;
				CLANG_WARN_ENUM_CONVERSION = YES;
				CLANG_WARN_INT_CONVERSION = YES;
				CLANG_WARN_OBJC_ROOT_CLASS = YES_ERROR;
				CLANG_WARN_UNREACHABLE_CODE = YES;
				CLANG_WARN__DUPLICATE_METHOD_MATCH = YES;
				"CODE_SIGN_IDENTITY[sdk=iphoneos*]" = "iPhone Developer";
				COPY_PHASE_STRIP = YES;
				ENABLE_NS_ASSERTIONS = NO;
				ENABLE_STRICT_OBJC_MSGSEND = YES;
				GCC_C_LANGUAGE_STANDARD = gnu99;
				GCC_WARN_64_TO_32_BIT_CONVERSION = YES;
				GCC_WARN_ABOUT_RETURN_TYPE = YES_ERROR;
				GCC_WARN_UNDECLARED_SELECTOR = YES;
				GCC_WARN_UNINITIALIZED_AUTOS = YES_AGGRESSIVE;
				GCC_WARN_UNUSED_FUNCTION = YES;
				GCC_WARN_UNUSED_VARIABLE = YES;
				IPHONEOS_DEPLOYMENT_TARGET = 8.1;
				MTL_ENABLE_DEBUG_INFO = NO;
				SDKROOT = iphoneos;
				VALIDATE_PRODUCT = YES;
			};
			name = Release;
		};
		7A9AD1D21A8545E000421A89 /* Debug */ = {
			isa = XCBuildConfiguration;
			buildSettings = {
				ASSETCATALOG_COMPILER_APPICON_NAME = AppIcon;
				INFOPLIST_FILE = Hotdogs/Info.plist;
				LD_RUNPATH_SEARCH_PATHS = "$(inherited) @executable_path/Frameworks";
				PRODUCT_NAME = "$(TARGET_NAME)";
			};
			name = Debug;
		};
		7A9AD1D31A8545E000421A89 /* Release */ = {
			isa = XCBuildConfiguration;
			buildSettings = {
				ASSETCATALOG_COMPILER_APPICON_NAME = AppIcon;
				INFOPLIST_FILE = Hotdogs/Info.plist;
				LD_RUNPATH_SEARCH_PATHS = "$(inherited) @executable_path/Frameworks";
				PRODUCT_NAME = "$(TARGET_NAME)";
			};
			name = Release;
		};
		7A9AD1D51A8545E000421A89 /* Debug */ = {
			isa = XCBuildConfiguration;
			buildSettings = {
				BUNDLE_LOADER = "$(TEST_HOST)";
				FRAMEWORK_SEARCH_PATHS = (
					"$(SDKROOT)/Developer/Library/Frameworks",
					"$(inherited)",
				);
				GCC_PREPROCESSOR_DEFINITIONS = (
					"DEBUG=1",
					"$(inherited)",
				);
				INFOPLIST_FILE = HotdogsTests/Info.plist;
				LD_RUNPATH_SEARCH_PATHS = "$(inherited) @executable_path/Frameworks @loader_path/Frameworks";
				PRODUCT_NAME = "$(TARGET_NAME)";
				TEST_HOST = "$(BUILT_PRODUCTS_DIR)/Hotdogs.app/Hotdogs";
			};
			name = Debug;
		};
		7A9AD1D61A8545E000421A89 /* Release */ = {
			isa = XCBuildConfiguration;
			buildSettings = {
				BUNDLE_LOADER = "$(TEST_HOST)";
				FRAMEWORK_SEARCH_PATHS = (
					"$(SDKROOT)/Developer/Library/Frameworks",
					"$(inherited)",
				);
				INFOPLIST_FILE = HotdogsTests/Info.plist;
				LD_RUNPATH_SEARCH_PATHS = "$(inherited) @executable_path/Frameworks @loader_path/Frameworks";
				PRODUCT_NAME = "$(TARGET_NAME)";
				TEST_HOST = "$(BUILT_PRODUCTS_DIR)/Hotdogs.app/Hotdogs";
			};
			name = Release;
		};
/* End XCBuildConfiguration section */

/* Begin XCConfigurationList section */
		7A9AD1AD1A8545E000421A89 /* Build configuration list for PBXProject "Hotdogs" */ = {
			isa = XCConfigurationList;
			buildConfigurations = (
				7A9AD1CF1A8545E000421A89 /* Debug */,
				7A9AD1D01A8545E000421A89 /* Release */,
			);
			defaultConfigurationIsVisible = 0;
			defaultConfigurationName = Release;
		};
		7A9AD1D11A8545E000421A89 /* Build configuration list for PBXNativeTarget "Hotdogs" */ = {
			isa = XCConfigurationList;
			buildConfigurations = (
				7A9AD1D21A8545E000421A89 /* Debug */,
				7A9AD1D31A8545E000421A89 /* Release */,
			);
			defaultConfigurationIsVisible = 0;
		};
		7A9AD1D41A8545E000421A89 /* Build configuration list for PBXNativeTarget "HotdogsTests" */ = {
			isa = XCConfigurationList;
			buildConfigurations = (
				7A9AD1D51A8545E000421A89 /* Debug */,
				7A9AD1D61A8545E000421A89 /* Release */,
			);
			defaultConfigurationIsVisible = 0;
		};
/* End XCConfigurationList section */
	};
	rootObject = 7A9AD1AA1A8545E000421A89 /* Project object */;
}
