// !$*UTF8*$!
{
	archiveVersion = 1;
	classes = {
	};
	objectVersion = 46;
	objects = {

/* Begin PBXBuildFile section */
		7A4B48CB1A956DD000A19247 /* AppDelegate.swift in Sources */ = {isa = PBXBuildFile; fileRef = 7A4B48CA1A956DD000A19247 /* AppDelegate.swift */; };
		7A4B48CD1A956DD000A19247 /* ViewController.swift in Sources */ = {isa = PBXBuildFile; fileRef = 7A4B48CC1A956DD000A19247 /* ViewController.swift */; };
		7A4B48D01A956DD000A19247 /* Main.storyboard in Resources */ = {isa = PBXBuildFile; fileRef = 7A4B48CE1A956DD000A19247 /* Main.storyboard */; };
		7A4B48D21A956DD000A19247 /* Images.xcassets in Resources */ = {isa = PBXBuildFile; fileRef = 7A4B48D11A956DD000A19247 /* Images.xcassets */; };
		7A4B48D51A956DD000A19247 /* LaunchScreen.xib in Resources */ = {isa = PBXBuildFile; fileRef = 7A4B48D31A956DD000A19247 /* LaunchScreen.xib */; };
		7A4B48E11A956DD000A19247 /* AthleteNamesTests.swift in Sources */ = {isa = PBXBuildFile; fileRef = 7A4B48E01A956DD000A19247 /* AthleteNamesTests.swift */; };
		7A4B48EB1A95759A00A19247 /* Athletes.plist in Resources */ = {isa = PBXBuildFile; fileRef = 7A4B48EA1A95759A00A19247 /* Athletes.plist */; };
/* End PBXBuildFile section */

/* Begin PBXContainerItemProxy section */
		7A4B48DB1A956DD000A19247 /* PBXContainerItemProxy */ = {
			isa = PBXContainerItemProxy;
			containerPortal = 7A4B48BD1A956DD000A19247 /* Project object */;
			proxyType = 1;
			remoteGlobalIDString = 7A4B48C41A956DD000A19247;
			remoteInfo = AthleteNames;
		};
/* End PBXContainerItemProxy section */

/* Begin PBXFileReference section */
		7A4B48C51A956DD000A19247 /* AthleteNames.app */ = {isa = PBXFileReference; explicitFileType = wrapper.application; includeInIndex = 0; path = AthleteNames.app; sourceTree = BUILT_PRODUCTS_DIR; };
		7A4B48C91A956DD000A19247 /* Info.plist */ = {isa = PBXFileReference; lastKnownFileType = text.plist.xml; path = Info.plist; sourceTree = "<group>"; };
		7A4B48CA1A956DD000A19247 /* AppDelegate.swift */ = {isa = PBXFileReference; lastKnownFileType = sourcecode.swift; path = AppDelegate.swift; sourceTree = "<group>"; };
		7A4B48CC1A956DD000A19247 /* ViewController.swift */ = {isa = PBXFileReference; lastKnownFileType = sourcecode.swift; path = ViewController.swift; sourceTree = "<group>"; };
		7A4B48CF1A956DD000A19247 /* Base */ = {isa = PBXFileReference; lastKnownFileType = file.storyboard; name = Base; path = Base.lproj/Main.storyboard; sourceTree = "<group>"; };
		7A4B48D11A956DD000A19247 /* Images.xcassets */ = {isa = PBXFileReference; lastKnownFileType = folder.assetcatalog; path = Images.xcassets; sourceTree = "<group>"; };
		7A4B48D41A956DD000A19247 /* Base */ = {isa = PBXFileReference; lastKnownFileType = file.xib; name = Base; path = Base.lproj/LaunchScreen.xib; sourceTree = "<group>"; };
		7A4B48DA1A956DD000A19247 /* AthleteNamesTests.xctest */ = {isa = PBXFileReference; explicitFileType = wrapper.cfbundle; includeInIndex = 0; path = AthleteNamesTests.xctest; sourceTree = BUILT_PRODUCTS_DIR; };
		7A4B48DF1A956DD000A19247 /* Info.plist */ = {isa = PBXFileReference; lastKnownFileType = text.plist.xml; path = Info.plist; sourceTree = "<group>"; };
		7A4B48E01A956DD000A19247 /* AthleteNamesTests.swift */ = {isa = PBXFileReference; lastKnownFileType = sourcecode.swift; path = AthleteNamesTests.swift; sourceTree = "<group>"; };
		7A4B48EA1A95759A00A19247 /* Athletes.plist */ = {isa = PBXFileReference; fileEncoding = 4; lastKnownFileType = text.plist.xml; path = Athletes.plist; sourceTree = "<group>"; };
/* End PBXFileReference section */

/* Begin PBXFrameworksBuildPhase section */
		7A4B48C21A956DD000A19247 /* Frameworks */ = {
			isa = PBXFrameworksBuildPhase;
			buildActionMask = 2147483647;
			files = (
			);
			runOnlyForDeploymentPostprocessing = 0;
		};
		7A4B48D71A956DD000A19247 /* Frameworks */ = {
			isa = PBXFrameworksBuildPhase;
			buildActionMask = 2147483647;
			files = (
			);
			runOnlyForDeploymentPostprocessing = 0;
		};
/* End PBXFrameworksBuildPhase section */

/* Begin PBXGroup section */
		7A4B48BC1A956DD000A19247 = {
			isa = PBXGroup;
			children = (
				7A4B48C71A956DD000A19247 /* AthleteNames */,
				7A4B48DD1A956DD000A19247 /* AthleteNamesTests */,
				7A4B48C61A956DD000A19247 /* Products */,
			);
			sourceTree = "<group>";
		};
		7A4B48C61A956DD000A19247 /* Products */ = {
			isa = PBXGroup;
			children = (
				7A4B48C51A956DD000A19247 /* AthleteNames.app */,
				7A4B48DA1A956DD000A19247 /* AthleteNamesTests.xctest */,
			);
			name = Products;
			sourceTree = "<group>";
		};
		7A4B48C71A956DD000A19247 /* AthleteNames */ = {
			isa = PBXGroup;
			children = (
				7A4B48CA1A956DD000A19247 /* AppDelegate.swift */,
				7A4B48CC1A956DD000A19247 /* ViewController.swift */,
				7A4B48EA1A95759A00A19247 /* Athletes.plist */,
				7A4B48CE1A956DD000A19247 /* Main.storyboard */,
				7A4B48D11A956DD000A19247 /* Images.xcassets */,
				7A4B48D31A956DD000A19247 /* LaunchScreen.xib */,
				7A4B48C81A956DD000A19247 /* Supporting Files */,
			);
			path = AthleteNames;
			sourceTree = "<group>";
		};
		7A4B48C81A956DD000A19247 /* Supporting Files */ = {
			isa = PBXGroup;
			children = (
				7A4B48C91A956DD000A19247 /* Info.plist */,
			);
			name = "Supporting Files";
			sourceTree = "<group>";
		};
		7A4B48DD1A956DD000A19247 /* AthleteNamesTests */ = {
			isa = PBXGroup;
			children = (
				7A4B48E01A956DD000A19247 /* AthleteNamesTests.swift */,
				7A4B48DE1A956DD000A19247 /* Supporting Files */,
			);
			path = AthleteNamesTests;
			sourceTree = "<group>";
		};
		7A4B48DE1A956DD000A19247 /* Supporting Files */ = {
			isa = PBXGroup;
			children = (
				7A4B48DF1A956DD000A19247 /* Info.plist */,
			);
			name = "Supporting Files";
			sourceTree = "<group>";
		};
/* End PBXGroup section */

/* Begin PBXNativeTarget section */
		7A4B48C41A956DD000A19247 /* AthleteNames */ = {
			isa = PBXNativeTarget;
			buildConfigurationList = 7A4B48E41A956DD000A19247 /* Build configuration list for PBXNativeTarget "AthleteNames" */;
			buildPhases = (
				7A4B48C11A956DD000A19247 /* Sources */,
				7A4B48C21A956DD000A19247 /* Frameworks */,
				7A4B48C31A956DD000A19247 /* Resources */,
			);
			buildRules = (
			);
			dependencies = (
			);
			name = AthleteNames;
			productName = AthleteNames;
			productReference = 7A4B48C51A956DD000A19247 /* AthleteNames.app */;
			productType = "com.apple.product-type.application";
		};
		7A4B48D91A956DD000A19247 /* AthleteNamesTests */ = {
			isa = PBXNativeTarget;
			buildConfigurationList = 7A4B48E71A956DD000A19247 /* Build configuration list for PBXNativeTarget "AthleteNamesTests" */;
			buildPhases = (
				7A4B48D61A956DD000A19247 /* Sources */,
				7A4B48D71A956DD000A19247 /* Frameworks */,
				7A4B48D81A956DD000A19247 /* Resources */,
			);
			buildRules = (
			);
			dependencies = (
				7A4B48DC1A956DD000A19247 /* PBXTargetDependency */,
			);
			name = AthleteNamesTests;
			productName = AthleteNamesTests;
			productReference = 7A4B48DA1A956DD000A19247 /* AthleteNamesTests.xctest */;
			productType = "com.apple.product-type.bundle.unit-test";
		};
/* End PBXNativeTarget section */

/* Begin PBXProject section */
		7A4B48BD1A956DD000A19247 /* Project object */ = {
			isa = PBXProject;
			attributes = {
				LastUpgradeCheck = 0610;
				ORGANIZATIONNAME = "Charlyn Buchanan";
				TargetAttributes = {
					7A4B48C41A956DD000A19247 = {
						CreatedOnToolsVersion = 6.1.1;
					};
					7A4B48D91A956DD000A19247 = {
						CreatedOnToolsVersion = 6.1.1;
						TestTargetID = 7A4B48C41A956DD000A19247;
					};
				};
			};
			buildConfigurationList = 7A4B48C01A956DD000A19247 /* Build configuration list for PBXProject "AthleteNames" */;
			compatibilityVersion = "Xcode 3.2";
			developmentRegion = English;
			hasScannedForEncodings = 0;
			knownRegions = (
				en,
				Base,
			);
			mainGroup = 7A4B48BC1A956DD000A19247;
			productRefGroup = 7A4B48C61A956DD000A19247 /* Products */;
			projectDirPath = "";
			projectRoot = "";
			targets = (
				7A4B48C41A956DD000A19247 /* AthleteNames */,
				7A4B48D91A956DD000A19247 /* AthleteNamesTests */,
			);
		};
/* End PBXProject section */

/* Begin PBXResourcesBuildPhase section */
		7A4B48C31A956DD000A19247 /* Resources */ = {
			isa = PBXResourcesBuildPhase;
			buildActionMask = 2147483647;
			files = (
				7A4B48D01A956DD000A19247 /* Main.storyboard in Resources */,
				7A4B48D51A956DD000A19247 /* LaunchScreen.xib in Resources */,
				7A4B48EB1A95759A00A19247 /* Athletes.plist in Resources */,
				7A4B48D21A956DD000A19247 /* Images.xcassets in Resources */,
			);
			runOnlyForDeploymentPostprocessing = 0;
		};
		7A4B48D81A956DD000A19247 /* Resources */ = {
			isa = PBXResourcesBuildPhase;
			buildActionMask = 2147483647;
			files = (
			);
			runOnlyForDeploymentPostprocessing = 0;
		};
/* End PBXResourcesBuildPhase section */

/* Begin PBXSourcesBuildPhase section */
		7A4B48C11A956DD000A19247 /* Sources */ = {
			isa = PBXSourcesBuildPhase;
			buildActionMask = 2147483647;
			files = (
				7A4B48CD1A956DD000A19247 /* ViewController.swift in Sources */,
				7A4B48CB1A956DD000A19247 /* AppDelegate.swift in Sources */,
			);
			runOnlyForDeploymentPostprocessing = 0;
		};
		7A4B48D61A956DD000A19247 /* Sources */ = {
			isa = PBXSourcesBuildPhase;
			buildActionMask = 2147483647;
			files = (
				7A4B48E11A956DD000A19247 /* AthleteNamesTests.swift in Sources */,
			);
			runOnlyForDeploymentPostprocessing = 0;
		};
/* End PBXSourcesBuildPhase section */

/* Begin PBXTargetDependency section */
		7A4B48DC1A956DD000A19247 /* PBXTargetDependency */ = {
			isa = PBXTargetDependency;
			target = 7A4B48C41A956DD000A19247 /* AthleteNames */;
			targetProxy = 7A4B48DB1A956DD000A19247 /* PBXContainerItemProxy */;
		};
/* End PBXTargetDependency section */

/* Begin PBXVariantGroup section */
		7A4B48CE1A956DD000A19247 /* Main.storyboard */ = {
			isa = PBXVariantGroup;
			children = (
				7A4B48CF1A956DD000A19247 /* Base */,
			);
			name = Main.storyboard;
			sourceTree = "<group>";
		};
		7A4B48D31A956DD000A19247 /* LaunchScreen.xib */ = {
			isa = PBXVariantGroup;
			children = (
				7A4B48D41A956DD000A19247 /* Base */,
			);
			name = LaunchScreen.xib;
			sourceTree = "<group>";
		};
/* End PBXVariantGroup section */

/* Begin XCBuildConfiguration section */
		7A4B48E21A956DD000A19247 /* Debug */ = {
			isa = XCBuildConfiguration;
			buildSettings = {
				ALWAYS_SEARCH_USER_PATHS = NO;
				CLANG_CXX_LANGUAGE_STANDARD = "gnu++0x";
				CLANG_CXX_LIBRARY = "libc++";
				CLANG_ENABLE_MODULES = YES;
				CLANG_ENABLE_OBJC_ARC = YES;
				CLANG_WARN_BOOL_CONVERSION = YES;
				CLANG_WARN_CONSTANT_CONVERSION = YES;
				CLANG_WARN_DIRECT_OBJC_ISA_USAGE = YES_ERROR;
				CLANG_WARN_EMPTY_BODY = YES;
				CLANG_WARN_ENUM_CONVERSION = YES;
				CLANG_WARN_INT_CONVERSION = YES;
				CLANG_WARN_OBJC_ROOT_CLASS = YES_ERROR;
				CLANG_WARN_UNREACHABLE_CODE = YES;
				CLANG_WARN__DUPLICATE_METHOD_MATCH = YES;
				"CODE_SIGN_IDENTITY[sdk=iphoneos*]" = "iPhone Developer";
				COPY_PHASE_STRIP = NO;
				ENABLE_STRICT_OBJC_MSGSEND = YES;
				GCC_C_LANGUAGE_STANDARD = gnu99;
				GCC_DYNAMIC_NO_PIC = NO;
				GCC_OPTIMIZATION_LEVEL = 0;
				GCC_PREPROCESSOR_DEFINITIONS = (
					"DEBUG=1",
					"$(inherited)",
				);
				GCC_SYMBOLS_PRIVATE_EXTERN = NO;
				GCC_WARN_64_TO_32_BIT_CONVERSION = YES;
				GCC_WARN_ABOUT_RETURN_TYPE = YES_ERROR;
				GCC_WARN_UNDECLARED_SELECTOR = YES;
				GCC_WARN_UNINITIALIZED_AUTOS = YES_AGGRESSIVE;
				GCC_WARN_UNUSED_FUNCTION = YES;
				GCC_WARN_UNUSED_VARIABLE = YES;
				IPHONEOS_DEPLOYMENT_TARGET = 8.1;
				MTL_ENABLE_DEBUG_INFO = YES;
				ONLY_ACTIVE_ARCH = YES;
				SDKROOT = iphoneos;
				SWIFT_OPTIMIZATION_LEVEL = "-Onone";
			};
			name = Debug;
		};
		7A4B48E31A956DD000A19247 /* Release */ = {
			isa = XCBuildConfiguration;
			buildSettings = {
				ALWAYS_SEARCH_USER_PATHS = NO;
				CLANG_CXX_LANGUAGE_STANDARD = "gnu++0x";
				CLANG_CXX_LIBRARY = "libc++";
				CLANG_ENABLE_MODULES = YES;
				CLANG_ENABLE_OBJC_ARC = YES;
				CLANG_WARN_BOOL_CONVERSION = YES;
				CLANG_WARN_CONSTANT_CONVERSION = YES;
				CLANG_WARN_DIRECT_OBJC_ISA_USAGE = YES_ERROR;
				CLANG_WARN_EMPTY_BODY = YES;
				CLANG_WARN_ENUM_CONVERSION = YES;
				CLANG_WARN_INT_CONVERSION = YES;
				CLANG_WARN_OBJC_ROOT_CLASS = YES_ERROR;
				CLANG_WARN_UNREACHABLE_CODE = YES;
				CLANG_WARN__DUPLICATE_METHOD_MATCH = YES;
				"CODE_SIGN_IDENTITY[sdk=iphoneos*]" = "iPhone Developer";
				COPY_PHASE_STRIP = YES;
				ENABLE_NS_ASSERTIONS = NO;
				ENABLE_STRICT_OBJC_MSGSEND = YES;
				GCC_C_LANGUAGE_STANDARD = gnu99;
				GCC_WARN_64_TO_32_BIT_CONVERSION = YES;
				GCC_WARN_ABOUT_RETURN_TYPE = YES_ERROR;
				GCC_WARN_UNDECLARED_SELECTOR = YES;
				GCC_WARN_UNINITIALIZED_AUTOS = YES_AGGRESSIVE;
				GCC_WARN_UNUSED_FUNCTION = YES;
				GCC_WARN_UNUSED_VARIABLE = YES;
				IPHONEOS_DEPLOYMENT_TARGET = 8.1;
				MTL_ENABLE_DEBUG_INFO = NO;
				SDKROOT = iphoneos;
				VALIDATE_PRODUCT = YES;
			};
			name = Release;
		};
		7A4B48E51A956DD000A19247 /* Debug */ = {
			isa = XCBuildConfiguration;
			buildSettings = {
				ASSETCATALOG_COMPILER_APPICON_NAME = AppIcon;
				INFOPLIST_FILE = AthleteNames/Info.plist;
				LD_RUNPATH_SEARCH_PATHS = "$(inherited) @executable_path/Frameworks";
				PRODUCT_NAME = "$(TARGET_NAME)";
			};
			name = Debug;
		};
		7A4B48E61A956DD000A19247 /* Release */ = {
			isa = XCBuildConfiguration;
			buildSettings = {
				ASSETCATALOG_COMPILER_APPICON_NAME = AppIcon;
				INFOPLIST_FILE = AthleteNames/Info.plist;
				LD_RUNPATH_SEARCH_PATHS = "$(inherited) @executable_path/Frameworks";
				PRODUCT_NAME = "$(TARGET_NAME)";
			};
			name = Release;
		};
		7A4B48E81A956DD000A19247 /* Debug */ = {
			isa = XCBuildConfiguration;
			buildSettings = {
				BUNDLE_LOADER = "$(TEST_HOST)";
				FRAMEWORK_SEARCH_PATHS = (
					"$(SDKROOT)/Developer/Library/Frameworks",
					"$(inherited)",
				);
				GCC_PREPROCESSOR_DEFINITIONS = (
					"DEBUG=1",
					"$(inherited)",
				);
				INFOPLIST_FILE = AthleteNamesTests/Info.plist;
				LD_RUNPATH_SEARCH_PATHS = "$(inherited) @executable_path/Frameworks @loader_path/Frameworks";
				PRODUCT_NAME = "$(TARGET_NAME)";
				TEST_HOST = "$(BUILT_PRODUCTS_DIR)/AthleteNames.app/AthleteNames";
			};
			name = Debug;
		};
		7A4B48E91A956DD000A19247 /* Release */ = {
			isa = XCBuildConfiguration;
			buildSettings = {
				BUNDLE_LOADER = "$(TEST_HOST)";
				FRAMEWORK_SEARCH_PATHS = (
					"$(SDKROOT)/Developer/Library/Frameworks",
					"$(inherited)",
				);
				INFOPLIST_FILE = AthleteNamesTests/Info.plist;
				LD_RUNPATH_SEARCH_PATHS = "$(inherited) @executable_path/Frameworks @loader_path/Frameworks";
				PRODUCT_NAME = "$(TARGET_NAME)";
				TEST_HOST = "$(BUILT_PRODUCTS_DIR)/AthleteNames.app/AthleteNames";
			};
			name = Release;
		};
/* End XCBuildConfiguration section */

/* Begin XCConfigurationList section */
		7A4B48C01A956DD000A19247 /* Build configuration list for PBXProject "AthleteNames" */ = {
			isa = XCConfigurationList;
			buildConfigurations = (
				7A4B48E21A956DD000A19247 /* Debug */,
				7A4B48E31A956DD000A19247 /* Release */,
			);
			defaultConfigurationIsVisible = 0;
			defaultConfigurationName = Release;
		};
		7A4B48E41A956DD000A19247 /* Build configuration list for PBXNativeTarget "AthleteNames" */ = {
			isa = XCConfigurationList;
			buildConfigurations = (
				7A4B48E51A956DD000A19247 /* Debug */,
				7A4B48E61A956DD000A19247 /* Release */,
			);
			defaultConfigurationIsVisible = 0;
		};
		7A4B48E71A956DD000A19247 /* Build configuration list for PBXNativeTarget "AthleteNamesTests" */ = {
			isa = XCConfigurationList;
			buildConfigurations = (
				7A4B48E81A956DD000A19247 /* Debug */,
				7A4B48E91A956DD000A19247 /* Release */,
			);
			defaultConfigurationIsVisible = 0;
		};
/* End XCConfigurationList section */
	};
	rootObject = 7A4B48BD1A956DD000A19247 /* Project object */;
}
