// !$*UTF8*$!
{
	archiveVersion = 1;
	classes = {
	};
	objectVersion = 46;
	objects = {

/* Begin PBXBuildFile section */
		7AD35CA11A8AD86D000A535A /* AppDelegate.swift in Sources */ = {isa = PBXBuildFile; fileRef = 7AD35CA01A8AD86D000A535A /* AppDelegate.swift */; };
		7AD35CA31A8AD86D000A535A /* ViewController.swift in Sources */ = {isa = PBXBuildFile; fileRef = 7AD35CA21A8AD86D000A535A /* ViewController.swift */; };
		7AD35CA61A8AD86D000A535A /* Main.storyboard in Resources */ = {isa = PBXBuildFile; fileRef = 7AD35CA41A8AD86D000A535A /* Main.storyboard */; };
		7AD35CA81A8AD86D000A535A /* Images.xcassets in Resources */ = {isa = PBXBuildFile; fileRef = 7AD35CA71A8AD86D000A535A /* Images.xcassets */; };
		7AD35CAB1A8AD86D000A535A /* LaunchScreen.xib in Resources */ = {isa = PBXBuildFile; fileRef = 7AD35CA91A8AD86D000A535A /* LaunchScreen.xib */; };
		7AD35CB71A8AD86D000A535A /* Midterm_CalculatorTests.swift in Sources */ = {isa = PBXBuildFile; fileRef = 7AD35CB61A8AD86D000A535A /* Midterm_CalculatorTests.swift */; };
/* End PBXBuildFile section */

/* Begin PBXContainerItemProxy section */
		7AD35CB11A8AD86D000A535A /* PBXContainerItemProxy */ = {
			isa = PBXContainerItemProxy;
			containerPortal = 7AD35C931A8AD86D000A535A /* Project object */;
			proxyType = 1;
			remoteGlobalIDString = 7AD35C9A1A8AD86D000A535A;
			remoteInfo = "Midterm Calculator";
		};
/* End PBXContainerItemProxy section */

/* Begin PBXFileReference section */
		7AD35C9B1A8AD86D000A535A /* Midterm Calculator.app */ = {isa = PBXFileReference; explicitFileType = wrapper.application; includeInIndex = 0; path = "Midterm Calculator.app"; sourceTree = BUILT_PRODUCTS_DIR; };
		7AD35C9F1A8AD86D000A535A /* Info.plist */ = {isa = PBXFileReference; lastKnownFileType = text.plist.xml; path = Info.plist; sourceTree = "<group>"; };
		7AD35CA01A8AD86D000A535A /* AppDelegate.swift */ = {isa = PBXFileReference; lastKnownFileType = sourcecode.swift; path = AppDelegate.swift; sourceTree = "<group>"; };
		7AD35CA21A8AD86D000A535A /* ViewController.swift */ = {isa = PBXFileReference; lastKnownFileType = sourcecode.swift; path = ViewController.swift; sourceTree = "<group>"; };
		7AD35CA51A8AD86D000A535A /* Base */ = {isa = PBXFileReference; lastKnownFileType = file.storyboard; name = Base; path = Base.lproj/Main.storyboard; sourceTree = "<group>"; };
		7AD35CA71A8AD86D000A535A /* Images.xcassets */ = {isa = PBXFileReference; lastKnownFileType = folder.assetcatalog; path = Images.xcassets; sourceTree = "<group>"; };
		7AD35CAA1A8AD86D000A535A /* Base */ = {isa = PBXFileReference; lastKnownFileType = file.xib; name = Base; path = Base.lproj/LaunchScreen.xib; sourceTree = "<group>"; };
		7AD35CB01A8AD86D000A535A /* Midterm CalculatorTests.xctest */ = {isa = PBXFileReference; explicitFileType = wrapper.cfbundle; includeInIndex = 0; path = "Midterm CalculatorTests.xctest"; sourceTree = BUILT_PRODUCTS_DIR; };
		7AD35CB51A8AD86D000A535A /* Info.plist */ = {isa = PBXFileReference; lastKnownFileType = text.plist.xml; path = Info.plist; sourceTree = "<group>"; };
		7AD35CB61A8AD86D000A535A /* Midterm_CalculatorTests.swift */ = {isa = PBXFileReference; lastKnownFileType = sourcecode.swift; path = Midterm_CalculatorTests.swift; sourceTree = "<group>"; };
/* End PBXFileReference section */

/* Begin PBXFrameworksBuildPhase section */
		7AD35C981A8AD86D000A535A /* Frameworks */ = {
			isa = PBXFrameworksBuildPhase;
			buildActionMask = 2147483647;
			files = (
			);
			runOnlyForDeploymentPostprocessing = 0;
		};
		7AD35CAD1A8AD86D000A535A /* Frameworks */ = {
			isa = PBXFrameworksBuildPhase;
			buildActionMask = 2147483647;
			files = (
			);
			runOnlyForDeploymentPostprocessing = 0;
		};
/* End PBXFrameworksBuildPhase section */

/* Begin PBXGroup section */
		7AD35C921A8AD86D000A535A = {
			isa = PBXGroup;
			children = (
				7AD35C9D1A8AD86D000A535A /* Midterm Calculator */,
				7AD35CB31A8AD86D000A535A /* Midterm CalculatorTests */,
				7AD35C9C1A8AD86D000A535A /* Products */,
			);
			sourceTree = "<group>";
		};
		7AD35C9C1A8AD86D000A535A /* Products */ = {
			isa = PBXGroup;
			children = (
				7AD35C9B1A8AD86D000A535A /* Midterm Calculator.app */,
				7AD35CB01A8AD86D000A535A /* Midterm CalculatorTests.xctest */,
			);
			name = Products;
			sourceTree = "<group>";
		};
		7AD35C9D1A8AD86D000A535A /* Midterm Calculator */ = {
			isa = PBXGroup;
			children = (
				7AD35CA01A8AD86D000A535A /* AppDelegate.swift */,
				7AD35CA21A8AD86D000A535A /* ViewController.swift */,
				7AD35CA41A8AD86D000A535A /* Main.storyboard */,
				7AD35CA71A8AD86D000A535A /* Images.xcassets */,
				7AD35CA91A8AD86D000A535A /* LaunchScreen.xib */,
				7AD35C9E1A8AD86D000A535A /* Supporting Files */,
			);
			path = "Midterm Calculator";
			sourceTree = "<group>";
		};
		7AD35C9E1A8AD86D000A535A /* Supporting Files */ = {
			isa = PBXGroup;
			children = (
				7AD35C9F1A8AD86D000A535A /* Info.plist */,
			);
			name = "Supporting Files";
			sourceTree = "<group>";
		};
		7AD35CB31A8AD86D000A535A /* Midterm CalculatorTests */ = {
			isa = PBXGroup;
			children = (
				7AD35CB61A8AD86D000A535A /* Midterm_CalculatorTests.swift */,
				7AD35CB41A8AD86D000A535A /* Supporting Files */,
			);
			path = "Midterm CalculatorTests";
			sourceTree = "<group>";
		};
		7AD35CB41A8AD86D000A535A /* Supporting Files */ = {
			isa = PBXGroup;
			children = (
				7AD35CB51A8AD86D000A535A /* Info.plist */,
			);
			name = "Supporting Files";
			sourceTree = "<group>";
		};
/* End PBXGroup section */

/* Begin PBXNativeTarget section */
		7AD35C9A1A8AD86D000A535A /* Midterm Calculator */ = {
			isa = PBXNativeTarget;
			buildConfigurationList = 7AD35CBA1A8AD86D000A535A /* Build configuration list for PBXNativeTarget "Midterm Calculator" */;
			buildPhases = (
				7AD35C971A8AD86D000A535A /* Sources */,
				7AD35C981A8AD86D000A535A /* Frameworks */,
				7AD35C991A8AD86D000A535A /* Resources */,
			);
			buildRules = (
			);
			dependencies = (
			);
			name = "Midterm Calculator";
			productName = "Midterm Calculator";
			productReference = 7AD35C9B1A8AD86D000A535A /* Midterm Calculator.app */;
			productType = "com.apple.product-type.application";
		};
		7AD35CAF1A8AD86D000A535A /* Midterm CalculatorTests */ = {
			isa = PBXNativeTarget;
			buildConfigurationList = 7AD35CBD1A8AD86D000A535A /* Build configuration list for PBXNativeTarget "Midterm CalculatorTests" */;
			buildPhases = (
				7AD35CAC1A8AD86D000A535A /* Sources */,
				7AD35CAD1A8AD86D000A535A /* Frameworks */,
				7AD35CAE1A8AD86D000A535A /* Resources */,
			);
			buildRules = (
			);
			dependencies = (
				7AD35CB21A8AD86D000A535A /* PBXTargetDependency */,
			);
			name = "Midterm CalculatorTests";
			productName = "Midterm CalculatorTests";
			productReference = 7AD35CB01A8AD86D000A535A /* Midterm CalculatorTests.xctest */;
			productType = "com.apple.product-type.bundle.unit-test";
		};
/* End PBXNativeTarget section */

/* Begin PBXProject section */
		7AD35C931A8AD86D000A535A /* Project object */ = {
			isa = PBXProject;
			attributes = {
				LastUpgradeCheck = 0610;
				ORGANIZATIONNAME = "Charlyn Buchanan";
				TargetAttributes = {
					7AD35C9A1A8AD86D000A535A = {
						CreatedOnToolsVersion = 6.1.1;
					};
					7AD35CAF1A8AD86D000A535A = {
						CreatedOnToolsVersion = 6.1.1;
						TestTargetID = 7AD35C9A1A8AD86D000A535A;
					};
				};
			};
			buildConfigurationList = 7AD35C961A8AD86D000A535A /* Build configuration list for PBXProject "Midterm Calculator" */;
			compatibilityVersion = "Xcode 3.2";
			developmentRegion = English;
			hasScannedForEncodings = 0;
			knownRegions = (
				en,
				Base,
			);
			mainGroup = 7AD35C921A8AD86D000A535A;
			productRefGroup = 7AD35C9C1A8AD86D000A535A /* Products */;
			projectDirPath = "";
			projectRoot = "";
			targets = (
				7AD35C9A1A8AD86D000A535A /* Midterm Calculator */,
				7AD35CAF1A8AD86D000A535A /* Midterm CalculatorTests */,
			);
		};
/* End PBXProject section */

/* Begin PBXResourcesBuildPhase section */
		7AD35C991A8AD86D000A535A /* Resources */ = {
			isa = PBXResourcesBuildPhase;
			buildActionMask = 2147483647;
			files = (
				7AD35CA61A8AD86D000A535A /* Main.storyboard in Resources */,
				7AD35CAB1A8AD86D000A535A /* LaunchScreen.xib in Resources */,
				7AD35CA81A8AD86D000A535A /* Images.xcassets in Resources */,
			);
			runOnlyForDeploymentPostprocessing = 0;
		};
		7AD35CAE1A8AD86D000A535A /* Resources */ = {
			isa = PBXResourcesBuildPhase;
			buildActionMask = 2147483647;
			files = (
			);
			runOnlyForDeploymentPostprocessing = 0;
		};
/* End PBXResourcesBuildPhase section */

/* Begin PBXSourcesBuildPhase section */
		7AD35C971A8AD86D000A535A /* Sources */ = {
			isa = PBXSourcesBuildPhase;
			buildActionMask = 2147483647;
			files = (
				7AD35CA31A8AD86D000A535A /* ViewController.swift in Sources */,
				7AD35CA11A8AD86D000A535A /* AppDelegate.swift in Sources */,
			);
			runOnlyForDeploymentPostprocessing = 0;
		};
		7AD35CAC1A8AD86D000A535A /* Sources */ = {
			isa = PBXSourcesBuildPhase;
			buildActionMask = 2147483647;
			files = (
				7AD35CB71A8AD86D000A535A /* Midterm_CalculatorTests.swift in Sources */,
			);
			runOnlyForDeploymentPostprocessing = 0;
		};
/* End PBXSourcesBuildPhase section */

/* Begin PBXTargetDependency section */
		7AD35CB21A8AD86D000A535A /* PBXTargetDependency */ = {
			isa = PBXTargetDependency;
			target = 7AD35C9A1A8AD86D000A535A /* Midterm Calculator */;
			targetProxy = 7AD35CB11A8AD86D000A535A /* PBXContainerItemProxy */;
		};
/* End PBXTargetDependency section */

/* Begin PBXVariantGroup section */
		7AD35CA41A8AD86D000A535A /* Main.storyboard */ = {
			isa = PBXVariantGroup;
			children = (
				7AD35CA51A8AD86D000A535A /* Base */,
			);
			name = Main.storyboard;
			sourceTree = "<group>";
		};
		7AD35CA91A8AD86D000A535A /* LaunchScreen.xib */ = {
			isa = PBXVariantGroup;
			children = (
				7AD35CAA1A8AD86D000A535A /* Base */,
			);
			name = LaunchScreen.xib;
			sourceTree = "<group>";
		};
/* End PBXVariantGroup section */

/* Begin XCBuildConfiguration section */
		7AD35CB81A8AD86D000A535A /* Debug */ = {
			isa = XCBuildConfiguration;
			buildSettings = {
				ALWAYS_SEARCH_USER_PATHS = NO;
				CLANG_CXX_LANGUAGE_STANDARD = "gnu++0x";
				CLANG_CXX_LIBRARY = "libc++";
				CLANG_ENABLE_MODULES = YES;
				CLANG_ENABLE_OBJC_ARC = YES;
				CLANG_WARN_BOOL_CONVERSION = YES;
				CLANG_WARN_CONSTANT_CONVERSION = YES;
				CLANG_WARN_DIRECT_OBJC_ISA_USAGE = YES_ERROR;
				CLANG_WARN_EMPTY_BODY = YES;
				CLANG_WARN_ENUM_CONVERSION = YES;
				CLANG_WARN_INT_CONVERSION = YES;
				CLANG_WARN_OBJC_ROOT_CLASS = YES_ERROR;
				CLANG_WARN_UNREACHABLE_CODE = YES;
				CLANG_WARN__DUPLICATE_METHOD_MATCH = YES;
				"CODE_SIGN_IDENTITY[sdk=iphoneos*]" = "iPhone Developer";
				COPY_PHASE_STRIP = NO;
				ENABLE_STRICT_OBJC_MSGSEND = YES;
				GCC_C_LANGUAGE_STANDARD = gnu99;
				GCC_DYNAMIC_NO_PIC = NO;
				GCC_OPTIMIZATION_LEVEL = 0;
				GCC_PREPROCESSOR_DEFINITIONS = (
					"DEBUG=1",
					"$(inherited)",
				);
				GCC_SYMBOLS_PRIVATE_EXTERN = NO;
				GCC_WARN_64_TO_32_BIT_CONVERSION = YES;
				GCC_WARN_ABOUT_RETURN_TYPE = YES_ERROR;
				GCC_WARN_UNDECLARED_SELECTOR = YES;
				GCC_WARN_UNINITIALIZED_AUTOS = YES_AGGRESSIVE;
				GCC_WARN_UNUSED_FUNCTION = YES;
				GCC_WARN_UNUSED_VARIABLE = YES;
				IPHONEOS_DEPLOYMENT_TARGET = 8.1;
				MTL_ENABLE_DEBUG_INFO = YES;
				ONLY_ACTIVE_ARCH = YES;
				SDKROOT = iphoneos;
				SWIFT_OPTIMIZATION_LEVEL = "-Onone";
			};
			name = Debug;
		};
		7AD35CB91A8AD86D000A535A /* Release */ = {
			isa = XCBuildConfiguration;
			buildSettings = {
				ALWAYS_SEARCH_USER_PATHS = NO;
				CLANG_CXX_LANGUAGE_STANDARD = "gnu++0x";
				CLANG_CXX_LIBRARY = "libc++";
				CLANG_ENABLE_MODULES = YES;
				CLANG_ENABLE_OBJC_ARC = YES;
				CLANG_WARN_BOOL_CONVERSION = YES;
				CLANG_WARN_CONSTANT_CONVERSION = YES;
				CLANG_WARN_DIRECT_OBJC_ISA_USAGE = YES_ERROR;
				CLANG_WARN_EMPTY_BODY = YES;
				CLANG_WARN_ENUM_CONVERSION = YES;
				CLANG_WARN_INT_CONVERSION = YES;
				CLANG_WARN_OBJC_ROOT_CLASS = YES_ERROR;
				CLANG_WARN_UNREACHABLE_CODE = YES;
				CLANG_WARN__DUPLICATE_METHOD_MATCH = YES;
				"CODE_SIGN_IDENTITY[sdk=iphoneos*]" = "iPhone Developer";
				COPY_PHASE_STRIP = YES;
				ENABLE_NS_ASSERTIONS = NO;
				ENABLE_STRICT_OBJC_MSGSEND = YES;
				GCC_C_LANGUAGE_STANDARD = gnu99;
				GCC_WARN_64_TO_32_BIT_CONVERSION = YES;
				GCC_WARN_ABOUT_RETURN_TYPE = YES_ERROR;
				GCC_WARN_UNDECLARED_SELECTOR = YES;
				GCC_WARN_UNINITIALIZED_AUTOS = YES_AGGRESSIVE;
				GCC_WARN_UNUSED_FUNCTION = YES;
				GCC_WARN_UNUSED_VARIABLE = YES;
				IPHONEOS_DEPLOYMENT_TARGET = 8.1;
				MTL_ENABLE_DEBUG_INFO = NO;
				SDKROOT = iphoneos;
				VALIDATE_PRODUCT = YES;
			};
			name = Release;
		};
		7AD35CBB1A8AD86D000A535A /* Debug */ = {
			isa = XCBuildConfiguration;
			buildSettings = {
				ASSETCATALOG_COMPILER_APPICON_NAME = AppIcon;
				INFOPLIST_FILE = "Midterm Calculator/Info.plist";
				LD_RUNPATH_SEARCH_PATHS = "$(inherited) @executable_path/Frameworks";
				PRODUCT_NAME = "$(TARGET_NAME)";
			};
			name = Debug;
		};
		7AD35CBC1A8AD86D000A535A /* Release */ = {
			isa = XCBuildConfiguration;
			buildSettings = {
				ASSETCATALOG_COMPILER_APPICON_NAME = AppIcon;
				INFOPLIST_FILE = "Midterm Calculator/Info.plist";
				LD_RUNPATH_SEARCH_PATHS = "$(inherited) @executable_path/Frameworks";
				PRODUCT_NAME = "$(TARGET_NAME)";
			};
			name = Release;
		};
		7AD35CBE1A8AD86D000A535A /* Debug */ = {
			isa = XCBuildConfiguration;
			buildSettings = {
				BUNDLE_LOADER = "$(TEST_HOST)";
				FRAMEWORK_SEARCH_PATHS = (
					"$(SDKROOT)/Developer/Library/Frameworks",
					"$(inherited)",
				);
				GCC_PREPROCESSOR_DEFINITIONS = (
					"DEBUG=1",
					"$(inherited)",
				);
				INFOPLIST_FILE = "Midterm CalculatorTests/Info.plist";
				LD_RUNPATH_SEARCH_PATHS = "$(inherited) @executable_path/Frameworks @loader_path/Frameworks";
				PRODUCT_NAME = "$(TARGET_NAME)";
				TEST_HOST = "$(BUILT_PRODUCTS_DIR)/Midterm Calculator.app/Midterm Calculator";
			};
			name = Debug;
		};
		7AD35CBF1A8AD86D000A535A /* Release */ = {
			isa = XCBuildConfiguration;
			buildSettings = {
				BUNDLE_LOADER = "$(TEST_HOST)";
				FRAMEWORK_SEARCH_PATHS = (
					"$(SDKROOT)/Developer/Library/Frameworks",
					"$(inherited)",
				);
				INFOPLIST_FILE = "Midterm CalculatorTests/Info.plist";
				LD_RUNPATH_SEARCH_PATHS = "$(inherited) @executable_path/Frameworks @loader_path/Frameworks";
				PRODUCT_NAME = "$(TARGET_NAME)";
				TEST_HOST = "$(BUILT_PRODUCTS_DIR)/Midterm Calculator.app/Midterm Calculator";
			};
			name = Release;
		};
/* End XCBuildConfiguration section */

/* Begin XCConfigurationList section */
		7AD35C961A8AD86D000A535A /* Build configuration list for PBXProject "Midterm Calculator" */ = {
			isa = XCConfigurationList;
			buildConfigurations = (
				7AD35CB81A8AD86D000A535A /* Debug */,
				7AD35CB91A8AD86D000A535A /* Release */,
			);
			defaultConfigurationIsVisible = 0;
			defaultConfigurationName = Release;
		};
		7AD35CBA1A8AD86D000A535A /* Build configuration list for PBXNativeTarget "Midterm Calculator" */ = {
			isa = XCConfigurationList;
			buildConfigurations = (
				7AD35CBB1A8AD86D000A535A /* Debug */,
				7AD35CBC1A8AD86D000A535A /* Release */,
			);
			defaultConfigurationIsVisible = 0;
		};
		7AD35CBD1A8AD86D000A535A /* Build configuration list for PBXNativeTarget "Midterm CalculatorTests" */ = {
			isa = XCConfigurationList;
			buildConfigurations = (
				7AD35CBE1A8AD86D000A535A /* Debug */,
				7AD35CBF1A8AD86D000A535A /* Release */,
			);
			defaultConfigurationIsVisible = 0;
		};
/* End XCConfigurationList section */
	};
	rootObject = 7AD35C931A8AD86D000A535A /* Project object */;
}
