// !$*UTF8*$!
{
	archiveVersion = 1;
	classes = {
	};
	objectVersion = 46;
	objects = {

/* Begin PBXBuildFile section */
		7A537F761A82E92900BE88CE /* AppDelegate.swift in Sources */ = {isa = PBXBuildFile; fileRef = 7A537F751A82E92900BE88CE /* AppDelegate.swift */; };
		7A537F781A82E92900BE88CE /* ViewController.swift in Sources */ = {isa = PBXBuildFile; fileRef = 7A537F771A82E92900BE88CE /* ViewController.swift */; };
		7A537F7B1A82E92900BE88CE /* Main.storyboard in Resources */ = {isa = PBXBuildFile; fileRef = 7A537F791A82E92900BE88CE /* Main.storyboard */; };
		7A537F7D1A82E92900BE88CE /* Images.xcassets in Resources */ = {isa = PBXBuildFile; fileRef = 7A537F7C1A82E92900BE88CE /* Images.xcassets */; };
		7A537F801A82E92900BE88CE /* LaunchScreen.xib in Resources */ = {isa = PBXBuildFile; fileRef = 7A537F7E1A82E92900BE88CE /* LaunchScreen.xib */; };
		7A537F8C1A82E92900BE88CE /* SmileTests.swift in Sources */ = {isa = PBXBuildFile; fileRef = 7A537F8B1A82E92900BE88CE /* SmileTests.swift */; };
/* End PBXBuildFile section */

/* Begin PBXContainerItemProxy section */
		7A537F861A82E92900BE88CE /* PBXContainerItemProxy */ = {
			isa = PBXContainerItemProxy;
			containerPortal = 7A537F681A82E92900BE88CE /* Project object */;
			proxyType = 1;
			remoteGlobalIDString = 7A537F6F1A82E92900BE88CE;
			remoteInfo = Smile;
		};
/* End PBXContainerItemProxy section */

/* Begin PBXFileReference section */
		7A537F701A82E92900BE88CE /* Smile.app */ = {isa = PBXFileReference; explicitFileType = wrapper.application; includeInIndex = 0; path = Smile.app; sourceTree = BUILT_PRODUCTS_DIR; };
		7A537F741A82E92900BE88CE /* Info.plist */ = {isa = PBXFileReference; lastKnownFileType = text.plist.xml; path = Info.plist; sourceTree = "<group>"; };
		7A537F751A82E92900BE88CE /* AppDelegate.swift */ = {isa = PBXFileReference; lastKnownFileType = sourcecode.swift; path = AppDelegate.swift; sourceTree = "<group>"; };
		7A537F771A82E92900BE88CE /* ViewController.swift */ = {isa = PBXFileReference; lastKnownFileType = sourcecode.swift; path = ViewController.swift; sourceTree = "<group>"; };
		7A537F7A1A82E92900BE88CE /* Base */ = {isa = PBXFileReference; lastKnownFileType = file.storyboard; name = Base; path = Base.lproj/Main.storyboard; sourceTree = "<group>"; };
		7A537F7C1A82E92900BE88CE /* Images.xcassets */ = {isa = PBXFileReference; lastKnownFileType = folder.assetcatalog; path = Images.xcassets; sourceTree = "<group>"; };
		7A537F7F1A82E92900BE88CE /* Base */ = {isa = PBXFileReference; lastKnownFileType = file.xib; name = Base; path = Base.lproj/LaunchScreen.xib; sourceTree = "<group>"; };
		7A537F851A82E92900BE88CE /* SmileTests.xctest */ = {isa = PBXFileReference; explicitFileType = wrapper.cfbundle; includeInIndex = 0; path = SmileTests.xctest; sourceTree = BUILT_PRODUCTS_DIR; };
		7A537F8A1A82E92900BE88CE /* Info.plist */ = {isa = PBXFileReference; lastKnownFileType = text.plist.xml; path = Info.plist; sourceTree = "<group>"; };
		7A537F8B1A82E92900BE88CE /* SmileTests.swift */ = {isa = PBXFileReference; lastKnownFileType = sourcecode.swift; path = SmileTests.swift; sourceTree = "<group>"; };
/* End PBXFileReference section */

/* Begin PBXFrameworksBuildPhase section */
		7A537F6D1A82E92900BE88CE /* Frameworks */ = {
			isa = PBXFrameworksBuildPhase;
			buildActionMask = 2147483647;
			files = (
			);
			runOnlyForDeploymentPostprocessing = 0;
		};
		7A537F821A82E92900BE88CE /* Frameworks */ = {
			isa = PBXFrameworksBuildPhase;
			buildActionMask = 2147483647;
			files = (
			);
			runOnlyForDeploymentPostprocessing = 0;
		};
/* End PBXFrameworksBuildPhase section */

/* Begin PBXGroup section */
		7A537F671A82E92900BE88CE = {
			isa = PBXGroup;
			children = (
				7A537F721A82E92900BE88CE /* Smile */,
				7A537F881A82E92900BE88CE /* SmileTests */,
				7A537F711A82E92900BE88CE /* Products */,
			);
			sourceTree = "<group>";
		};
		7A537F711A82E92900BE88CE /* Products */ = {
			isa = PBXGroup;
			children = (
				7A537F701A82E92900BE88CE /* Smile.app */,
				7A537F851A82E92900BE88CE /* SmileTests.xctest */,
			);
			name = Products;
			sourceTree = "<group>";
		};
		7A537F721A82E92900BE88CE /* Smile */ = {
			isa = PBXGroup;
			children = (
				7A537F751A82E92900BE88CE /* AppDelegate.swift */,
				7A537F771A82E92900BE88CE /* ViewController.swift */,
				7A537F791A82E92900BE88CE /* Main.storyboard */,
				7A537F7C1A82E92900BE88CE /* Images.xcassets */,
				7A537F7E1A82E92900BE88CE /* LaunchScreen.xib */,
				7A537F731A82E92900BE88CE /* Supporting Files */,
			);
			path = Smile;
			sourceTree = "<group>";
		};
		7A537F731A82E92900BE88CE /* Supporting Files */ = {
			isa = PBXGroup;
			children = (
				7A537F741A82E92900BE88CE /* Info.plist */,
			);
			name = "Supporting Files";
			sourceTree = "<group>";
		};
		7A537F881A82E92900BE88CE /* SmileTests */ = {
			isa = PBXGroup;
			children = (
				7A537F8B1A82E92900BE88CE /* SmileTests.swift */,
				7A537F891A82E92900BE88CE /* Supporting Files */,
			);
			path = SmileTests;
			sourceTree = "<group>";
		};
		7A537F891A82E92900BE88CE /* Supporting Files */ = {
			isa = PBXGroup;
			children = (
				7A537F8A1A82E92900BE88CE /* Info.plist */,
			);
			name = "Supporting Files";
			sourceTree = "<group>";
		};
/* End PBXGroup section */

/* Begin PBXNativeTarget section */
		7A537F6F1A82E92900BE88CE /* Smile */ = {
			isa = PBXNativeTarget;
			buildConfigurationList = 7A537F8F1A82E92900BE88CE /* Build configuration list for PBXNativeTarget "Smile" */;
			buildPhases = (
				7A537F6C1A82E92900BE88CE /* Sources */,
				7A537F6D1A82E92900BE88CE /* Frameworks */,
				7A537F6E1A82E92900BE88CE /* Resources */,
			);
			buildRules = (
			);
			dependencies = (
			);
			name = Smile;
			productName = Smile;
			productReference = 7A537F701A82E92900BE88CE /* Smile.app */;
			productType = "com.apple.product-type.application";
		};
		7A537F841A82E92900BE88CE /* SmileTests */ = {
			isa = PBXNativeTarget;
			buildConfigurationList = 7A537F921A82E92900BE88CE /* Build configuration list for PBXNativeTarget "SmileTests" */;
			buildPhases = (
				7A537F811A82E92900BE88CE /* Sources */,
				7A537F821A82E92900BE88CE /* Frameworks */,
				7A537F831A82E92900BE88CE /* Resources */,
			);
			buildRules = (
			);
			dependencies = (
				7A537F871A82E92900BE88CE /* PBXTargetDependency */,
			);
			name = SmileTests;
			productName = SmileTests;
			productReference = 7A537F851A82E92900BE88CE /* SmileTests.xctest */;
			productType = "com.apple.product-type.bundle.unit-test";
		};
/* End PBXNativeTarget section */

/* Begin PBXProject section */
		7A537F681A82E92900BE88CE /* Project object */ = {
			isa = PBXProject;
			attributes = {
				LastUpgradeCheck = 0610;
				ORGANIZATIONNAME = "Charlyn Buchanan";
				TargetAttributes = {
					7A537F6F1A82E92900BE88CE = {
						CreatedOnToolsVersion = 6.1.1;
					};
					7A537F841A82E92900BE88CE = {
						CreatedOnToolsVersion = 6.1.1;
						TestTargetID = 7A537F6F1A82E92900BE88CE;
					};
				};
			};
			buildConfigurationList = 7A537F6B1A82E92900BE88CE /* Build configuration list for PBXProject "Smile" */;
			compatibilityVersion = "Xcode 3.2";
			developmentRegion = English;
			hasScannedForEncodings = 0;
			knownRegions = (
				en,
				Base,
			);
			mainGroup = 7A537F671A82E92900BE88CE;
			productRefGroup = 7A537F711A82E92900BE88CE /* Products */;
			projectDirPath = "";
			projectRoot = "";
			targets = (
				7A537F6F1A82E92900BE88CE /* Smile */,
				7A537F841A82E92900BE88CE /* SmileTests */,
			);
		};
/* End PBXProject section */

/* Begin PBXResourcesBuildPhase section */
		7A537F6E1A82E92900BE88CE /* Resources */ = {
			isa = PBXResourcesBuildPhase;
			buildActionMask = 2147483647;
			files = (
				7A537F7B1A82E92900BE88CE /* Main.storyboard in Resources */,
				7A537F801A82E92900BE88CE /* LaunchScreen.xib in Resources */,
				7A537F7D1A82E92900BE88CE /* Images.xcassets in Resources */,
			);
			runOnlyForDeploymentPostprocessing = 0;
		};
		7A537F831A82E92900BE88CE /* Resources */ = {
			isa = PBXResourcesBuildPhase;
			buildActionMask = 2147483647;
			files = (
			);
			runOnlyForDeploymentPostprocessing = 0;
		};
/* End PBXResourcesBuildPhase section */

/* Begin PBXSourcesBuildPhase section */
		7A537F6C1A82E92900BE88CE /* Sources */ = {
			isa = PBXSourcesBuildPhase;
			buildActionMask = 2147483647;
			files = (
				7A537F781A82E92900BE88CE /* ViewController.swift in Sources */,
				7A537F761A82E92900BE88CE /* AppDelegate.swift in Sources */,
			);
			runOnlyForDeploymentPostprocessing = 0;
		};
		7A537F811A82E92900BE88CE /* Sources */ = {
			isa = PBXSourcesBuildPhase;
			buildActionMask = 2147483647;
			files = (
				7A537F8C1A82E92900BE88CE /* SmileTests.swift in Sources */,
			);
			runOnlyForDeploymentPostprocessing = 0;
		};
/* End PBXSourcesBuildPhase section */

/* Begin PBXTargetDependency section */
		7A537F871A82E92900BE88CE /* PBXTargetDependency */ = {
			isa = PBXTargetDependency;
			target = 7A537F6F1A82E92900BE88CE /* Smile */;
			targetProxy = 7A537F861A82E92900BE88CE /* PBXContainerItemProxy */;
		};
/* End PBXTargetDependency section */

/* Begin PBXVariantGroup section */
		7A537F791A82E92900BE88CE /* Main.storyboard */ = {
			isa = PBXVariantGroup;
			children = (
				7A537F7A1A82E92900BE88CE /* Base */,
			);
			name = Main.storyboard;
			sourceTree = "<group>";
		};
		7A537F7E1A82E92900BE88CE /* LaunchScreen.xib */ = {
			isa = PBXVariantGroup;
			children = (
				7A537F7F1A82E92900BE88CE /* Base */,
			);
			name = LaunchScreen.xib;
			sourceTree = "<group>";
		};
/* End PBXVariantGroup section */

/* Begin XCBuildConfiguration section */
		7A537F8D1A82E92900BE88CE /* Debug */ = {
			isa = XCBuildConfiguration;
			buildSettings = {
				ALWAYS_SEARCH_USER_PATHS = NO;
				CLANG_CXX_LANGUAGE_STANDARD = "gnu++0x";
				CLANG_CXX_LIBRARY = "libc++";
				CLANG_ENABLE_MODULES = YES;
				CLANG_ENABLE_OBJC_ARC = YES;
				CLANG_WARN_BOOL_CONVERSION = YES;
				CLANG_WARN_CONSTANT_CONVERSION = YES;
				CLANG_WARN_DIRECT_OBJC_ISA_USAGE = YES_ERROR;
				CLANG_WARN_EMPTY_BODY = YES;
				CLANG_WARN_ENUM_CONVERSION = YES;
				CLANG_WARN_INT_CONVERSION = YES;
				CLANG_WARN_OBJC_ROOT_CLASS = YES_ERROR;
				CLANG_WARN_UNREACHABLE_CODE = YES;
				CLANG_WARN__DUPLICATE_METHOD_MATCH = YES;
				"CODE_SIGN_IDENTITY[sdk=iphoneos*]" = "iPhone Developer";
				COPY_PHASE_STRIP = NO;
				ENABLE_STRICT_OBJC_MSGSEND = YES;
				GCC_C_LANGUAGE_STANDARD = gnu99;
				GCC_DYNAMIC_NO_PIC = NO;
				GCC_OPTIMIZATION_LEVEL = 0;
				GCC_PREPROCESSOR_DEFINITIONS = (
					"DEBUG=1",
					"$(inherited)",
				);
				GCC_SYMBOLS_PRIVATE_EXTERN = NO;
				GCC_WARN_64_TO_32_BIT_CONVERSION = YES;
				GCC_WARN_ABOUT_RETURN_TYPE = YES_ERROR;
				GCC_WARN_UNDECLARED_SELECTOR = YES;
				GCC_WARN_UNINITIALIZED_AUTOS = YES_AGGRESSIVE;
				GCC_WARN_UNUSED_FUNCTION = YES;
				GCC_WARN_UNUSED_VARIABLE = YES;
				IPHONEOS_DEPLOYMENT_TARGET = 8.1;
				MTL_ENABLE_DEBUG_INFO = YES;
				ONLY_ACTIVE_ARCH = YES;
				SDKROOT = iphoneos;
				SWIFT_OPTIMIZATION_LEVEL = "-Onone";
			};
			name = Debug;
		};
		7A537F8E1A82E92900BE88CE /* Release */ = {
			isa = XCBuildConfiguration;
			buildSettings = {
				ALWAYS_SEARCH_USER_PATHS = NO;
				CLANG_CXX_LANGUAGE_STANDARD = "gnu++0x";
				CLANG_CXX_LIBRARY = "libc++";
				CLANG_ENABLE_MODULES = YES;
				CLANG_ENABLE_OBJC_ARC = YES;
				CLANG_WARN_BOOL_CONVERSION = YES;
				CLANG_WARN_CONSTANT_CONVERSION = YES;
				CLANG_WARN_DIRECT_OBJC_ISA_USAGE = YES_ERROR;
				CLANG_WARN_EMPTY_BODY = YES;
				CLANG_WARN_ENUM_CONVERSION = YES;
				CLANG_WARN_INT_CONVERSION = YES;
				CLANG_WARN_OBJC_ROOT_CLASS = YES_ERROR;
				CLANG_WARN_UNREACHABLE_CODE = YES;
				CLANG_WARN__DUPLICATE_METHOD_MATCH = YES;
				"CODE_SIGN_IDENTITY[sdk=iphoneos*]" = "iPhone Developer";
				COPY_PHASE_STRIP = YES;
				ENABLE_NS_ASSERTIONS = NO;
				ENABLE_STRICT_OBJC_MSGSEND = YES;
				GCC_C_LANGUAGE_STANDARD = gnu99;
				GCC_WARN_64_TO_32_BIT_CONVERSION = YES;
				GCC_WARN_ABOUT_RETURN_TYPE = YES_ERROR;
				GCC_WARN_UNDECLARED_SELECTOR = YES;
				GCC_WARN_UNINITIALIZED_AUTOS = YES_AGGRESSIVE;
				GCC_WARN_UNUSED_FUNCTION = YES;
				GCC_WARN_UNUSED_VARIABLE = YES;
				IPHONEOS_DEPLOYMENT_TARGET = 8.1;
				MTL_ENABLE_DEBUG_INFO = NO;
				SDKROOT = iphoneos;
				VALIDATE_PRODUCT = YES;
			};
			name = Release;
		};
		7A537F901A82E92900BE88CE /* Debug */ = {
			isa = XCBuildConfiguration;
			buildSettings = {
				ASSETCATALOG_COMPILER_APPICON_NAME = AppIcon;
				INFOPLIST_FILE = Smile/Info.plist;
				LD_RUNPATH_SEARCH_PATHS = "$(inherited) @executable_path/Frameworks";
				PRODUCT_NAME = "$(TARGET_NAME)";
			};
			name = Debug;
		};
		7A537F911A82E92900BE88CE /* Release */ = {
			isa = XCBuildConfiguration;
			buildSettings = {
				ASSETCATALOG_COMPILER_APPICON_NAME = AppIcon;
				INFOPLIST_FILE = Smile/Info.plist;
				LD_RUNPATH_SEARCH_PATHS = "$(inherited) @executable_path/Frameworks";
				PRODUCT_NAME = "$(TARGET_NAME)";
			};
			name = Release;
		};
		7A537F931A82E92900BE88CE /* Debug */ = {
			isa = XCBuildConfiguration;
			buildSettings = {
				BUNDLE_LOADER = "$(TEST_HOST)";
				FRAMEWORK_SEARCH_PATHS = (
					"$(SDKROOT)/Developer/Library/Frameworks",
					"$(inherited)",
				);
				GCC_PREPROCESSOR_DEFINITIONS = (
					"DEBUG=1",
					"$(inherited)",
				);
				INFOPLIST_FILE = SmileTests/Info.plist;
				LD_RUNPATH_SEARCH_PATHS = "$(inherited) @executable_path/Frameworks @loader_path/Frameworks";
				PRODUCT_NAME = "$(TARGET_NAME)";
				TEST_HOST = "$(BUILT_PRODUCTS_DIR)/Smile.app/Smile";
			};
			name = Debug;
		};
		7A537F941A82E92900BE88CE /* Release */ = {
			isa = XCBuildConfiguration;
			buildSettings = {
				BUNDLE_LOADER = "$(TEST_HOST)";
				FRAMEWORK_SEARCH_PATHS = (
					"$(SDKROOT)/Developer/Library/Frameworks",
					"$(inherited)",
				);
				INFOPLIST_FILE = SmileTests/Info.plist;
				LD_RUNPATH_SEARCH_PATHS = "$(inherited) @executable_path/Frameworks @loader_path/Frameworks";
				PRODUCT_NAME = "$(TARGET_NAME)";
				TEST_HOST = "$(BUILT_PRODUCTS_DIR)/Smile.app/Smile";
			};
			name = Release;
		};
/* End XCBuildConfiguration section */

/* Begin XCConfigurationList section */
		7A537F6B1A82E92900BE88CE /* Build configuration list for PBXProject "Smile" */ = {
			isa = XCConfigurationList;
			buildConfigurations = (
				7A537F8D1A82E92900BE88CE /* Debug */,
				7A537F8E1A82E92900BE88CE /* Release */,
			);
			defaultConfigurationIsVisible = 0;
			defaultConfigurationName = Release;
		};
		7A537F8F1A82E92900BE88CE /* Build configuration list for PBXNativeTarget "Smile" */ = {
			isa = XCConfigurationList;
			buildConfigurations = (
				7A537F901A82E92900BE88CE /* Debug */,
				7A537F911A82E92900BE88CE /* Release */,
			);
			defaultConfigurationIsVisible = 0;
		};
		7A537F921A82E92900BE88CE /* Build configuration list for PBXNativeTarget "SmileTests" */ = {
			isa = XCConfigurationList;
			buildConfigurations = (
				7A537F931A82E92900BE88CE /* Debug */,
				7A537F941A82E92900BE88CE /* Release */,
			);
			defaultConfigurationIsVisible = 0;
		};
/* End XCConfigurationList section */
	};
	rootObject = 7A537F681A82E92900BE88CE /* Project object */;
}
