// !$*UTF8*$!
{
	archiveVersion = 1;
	classes = {
	};
	objectVersion = 46;
	objects = {

/* Begin PBXBuildFile section */
		7A30929E1A9EB3DF00C0785A /* AppDelegate.swift in Sources */ = {isa = PBXBuildFile; fileRef = 7A30929D1A9EB3DF00C0785A /* AppDelegate.swift */; };
		7A3092A01A9EB3DF00C0785A /* ViewController.swift in Sources */ = {isa = PBXBuildFile; fileRef = 7A30929F1A9EB3DF00C0785A /* ViewController.swift */; };
		7A3092A31A9EB3DF00C0785A /* Main.storyboard in Resources */ = {isa = PBXBuildFile; fileRef = 7A3092A11A9EB3DF00C0785A /* Main.storyboard */; };
		7A3092A51A9EB3DF00C0785A /* Images.xcassets in Resources */ = {isa = PBXBuildFile; fileRef = 7A3092A41A9EB3DF00C0785A /* Images.xcassets */; };
		7A3092A81A9EB3DF00C0785A /* LaunchScreen.xib in Resources */ = {isa = PBXBuildFile; fileRef = 7A3092A61A9EB3DF00C0785A /* LaunchScreen.xib */; };
		7A3092B41A9EB3DF00C0785A /* InClass_SONSerializaionTests.swift in Sources */ = {isa = PBXBuildFile; fileRef = 7A3092B31A9EB3DF00C0785A /* InClass_SONSerializaionTests.swift */; };
/* End PBXBuildFile section */

/* Begin PBXContainerItemProxy section */
		7A3092AE1A9EB3DF00C0785A /* PBXContainerItemProxy */ = {
			isa = PBXContainerItemProxy;
			containerPortal = 7A3092901A9EB3DF00C0785A /* Project object */;
			proxyType = 1;
			remoteGlobalIDString = 7A3092971A9EB3DF00C0785A;
			remoteInfo = "InClass SONSerializaion";
		};
/* End PBXContainerItemProxy section */

/* Begin PBXFileReference section */
		7A3092981A9EB3DF00C0785A /* InClass SONSerializaion.app */ = {isa = PBXFileReference; explicitFileType = wrapper.application; includeInIndex = 0; path = "InClass SONSerializaion.app"; sourceTree = BUILT_PRODUCTS_DIR; };
		7A30929C1A9EB3DF00C0785A /* Info.plist */ = {isa = PBXFileReference; lastKnownFileType = text.plist.xml; path = Info.plist; sourceTree = "<group>"; };
		7A30929D1A9EB3DF00C0785A /* AppDelegate.swift */ = {isa = PBXFileReference; lastKnownFileType = sourcecode.swift; path = AppDelegate.swift; sourceTree = "<group>"; };
		7A30929F1A9EB3DF00C0785A /* ViewController.swift */ = {isa = PBXFileReference; lastKnownFileType = sourcecode.swift; path = ViewController.swift; sourceTree = "<group>"; };
		7A3092A21A9EB3DF00C0785A /* Base */ = {isa = PBXFileReference; lastKnownFileType = file.storyboard; name = Base; path = Base.lproj/Main.storyboard; sourceTree = "<group>"; };
		7A3092A41A9EB3DF00C0785A /* Images.xcassets */ = {isa = PBXFileReference; lastKnownFileType = folder.assetcatalog; path = Images.xcassets; sourceTree = "<group>"; };
		7A3092A71A9EB3DF00C0785A /* Base */ = {isa = PBXFileReference; lastKnownFileType = file.xib; name = Base; path = Base.lproj/LaunchScreen.xib; sourceTree = "<group>"; };
		7A3092AD1A9EB3DF00C0785A /* InClass SONSerializaionTests.xctest */ = {isa = PBXFileReference; explicitFileType = wrapper.cfbundle; includeInIndex = 0; path = "InClass SONSerializaionTests.xctest"; sourceTree = BUILT_PRODUCTS_DIR; };
		7A3092B21A9EB3DF00C0785A /* Info.plist */ = {isa = PBXFileReference; lastKnownFileType = text.plist.xml; path = Info.plist; sourceTree = "<group>"; };
		7A3092B31A9EB3DF00C0785A /* InClass_SONSerializaionTests.swift */ = {isa = PBXFileReference; lastKnownFileType = sourcecode.swift; path = InClass_SONSerializaionTests.swift; sourceTree = "<group>"; };
/* End PBXFileReference section */

/* Begin PBXFrameworksBuildPhase section */
		7A3092951A9EB3DF00C0785A /* Frameworks */ = {
			isa = PBXFrameworksBuildPhase;
			buildActionMask = 2147483647;
			files = (
			);
			runOnlyForDeploymentPostprocessing = 0;
		};
		7A3092AA1A9EB3DF00C0785A /* Frameworks */ = {
			isa = PBXFrameworksBuildPhase;
			buildActionMask = 2147483647;
			files = (
			);
			runOnlyForDeploymentPostprocessing = 0;
		};
/* End PBXFrameworksBuildPhase section */

/* Begin PBXGroup section */
		7A30928F1A9EB3DF00C0785A = {
			isa = PBXGroup;
			children = (
				7A30929A1A9EB3DF00C0785A /* InClass SONSerializaion */,
				7A3092B01A9EB3DF00C0785A /* InClass SONSerializaionTests */,
				7A3092991A9EB3DF00C0785A /* Products */,
			);
			sourceTree = "<group>";
		};
		7A3092991A9EB3DF00C0785A /* Products */ = {
			isa = PBXGroup;
			children = (
				7A3092981A9EB3DF00C0785A /* InClass SONSerializaion.app */,
				7A3092AD1A9EB3DF00C0785A /* InClass SONSerializaionTests.xctest */,
			);
			name = Products;
			sourceTree = "<group>";
		};
		7A30929A1A9EB3DF00C0785A /* InClass SONSerializaion */ = {
			isa = PBXGroup;
			children = (
				7A30929D1A9EB3DF00C0785A /* AppDelegate.swift */,
				7A30929F1A9EB3DF00C0785A /* ViewController.swift */,
				7A3092A11A9EB3DF00C0785A /* Main.storyboard */,
				7A3092A41A9EB3DF00C0785A /* Images.xcassets */,
				7A3092A61A9EB3DF00C0785A /* LaunchScreen.xib */,
				7A30929B1A9EB3DF00C0785A /* Supporting Files */,
			);
			path = "InClass SONSerializaion";
			sourceTree = "<group>";
		};
		7A30929B1A9EB3DF00C0785A /* Supporting Files */ = {
			isa = PBXGroup;
			children = (
				7A30929C1A9EB3DF00C0785A /* Info.plist */,
			);
			name = "Supporting Files";
			sourceTree = "<group>";
		};
		7A3092B01A9EB3DF00C0785A /* InClass SONSerializaionTests */ = {
			isa = PBXGroup;
			children = (
				7A3092B31A9EB3DF00C0785A /* InClass_SONSerializaionTests.swift */,
				7A3092B11A9EB3DF00C0785A /* Supporting Files */,
			);
			path = "InClass SONSerializaionTests";
			sourceTree = "<group>";
		};
		7A3092B11A9EB3DF00C0785A /* Supporting Files */ = {
			isa = PBXGroup;
			children = (
				7A3092B21A9EB3DF00C0785A /* Info.plist */,
			);
			name = "Supporting Files";
			sourceTree = "<group>";
		};
/* End PBXGroup section */

/* Begin PBXNativeTarget section */
		7A3092971A9EB3DF00C0785A /* InClass SONSerializaion */ = {
			isa = PBXNativeTarget;
			buildConfigurationList = 7A3092B71A9EB3DF00C0785A /* Build configuration list for PBXNativeTarget "InClass SONSerializaion" */;
			buildPhases = (
				7A3092941A9EB3DF00C0785A /* Sources */,
				7A3092951A9EB3DF00C0785A /* Frameworks */,
				7A3092961A9EB3DF00C0785A /* Resources */,
			);
			buildRules = (
			);
			dependencies = (
			);
			name = "InClass SONSerializaion";
			productName = "InClass SONSerializaion";
			productReference = 7A3092981A9EB3DF00C0785A /* InClass SONSerializaion.app */;
			productType = "com.apple.product-type.application";
		};
		7A3092AC1A9EB3DF00C0785A /* InClass SONSerializaionTests */ = {
			isa = PBXNativeTarget;
			buildConfigurationList = 7A3092BA1A9EB3DF00C0785A /* Build configuration list for PBXNativeTarget "InClass SONSerializaionTests" */;
			buildPhases = (
				7A3092A91A9EB3DF00C0785A /* Sources */,
				7A3092AA1A9EB3DF00C0785A /* Frameworks */,
				7A3092AB1A9EB3DF00C0785A /* Resources */,
			);
			buildRules = (
			);
			dependencies = (
				7A3092AF1A9EB3DF00C0785A /* PBXTargetDependency */,
			);
			name = "InClass SONSerializaionTests";
			productName = "InClass SONSerializaionTests";
			productReference = 7A3092AD1A9EB3DF00C0785A /* InClass SONSerializaionTests.xctest */;
			productType = "com.apple.product-type.bundle.unit-test";
		};
/* End PBXNativeTarget section */

/* Begin PBXProject section */
		7A3092901A9EB3DF00C0785A /* Project object */ = {
			isa = PBXProject;
			attributes = {
				LastUpgradeCheck = 0610;
				ORGANIZATIONNAME = "Charlyn Buchanan";
				TargetAttributes = {
					7A3092971A9EB3DF00C0785A = {
						CreatedOnToolsVersion = 6.1.1;
					};
					7A3092AC1A9EB3DF00C0785A = {
						CreatedOnToolsVersion = 6.1.1;
						TestTargetID = 7A3092971A9EB3DF00C0785A;
					};
				};
			};
			buildConfigurationList = 7A3092931A9EB3DF00C0785A /* Build configuration list for PBXProject "InClass SONSerializaion" */;
			compatibilityVersion = "Xcode 3.2";
			developmentRegion = English;
			hasScannedForEncodings = 0;
			knownRegions = (
				en,
				Base,
			);
			mainGroup = 7A30928F1A9EB3DF00C0785A;
			productRefGroup = 7A3092991A9EB3DF00C0785A /* Products */;
			projectDirPath = "";
			projectRoot = "";
			targets = (
				7A3092971A9EB3DF00C0785A /* InClass SONSerializaion */,
				7A3092AC1A9EB3DF00C0785A /* InClass SONSerializaionTests */,
			);
		};
/* End PBXProject section */

/* Begin PBXResourcesBuildPhase section */
		7A3092961A9EB3DF00C0785A /* Resources */ = {
			isa = PBXResourcesBuildPhase;
			buildActionMask = 2147483647;
			files = (
				7A3092A31A9EB3DF00C0785A /* Main.storyboard in Resources */,
				7A3092A81A9EB3DF00C0785A /* LaunchScreen.xib in Resources */,
				7A3092A51A9EB3DF00C0785A /* Images.xcassets in Resources */,
			);
			runOnlyForDeploymentPostprocessing = 0;
		};
		7A3092AB1A9EB3DF00C0785A /* Resources */ = {
			isa = PBXResourcesBuildPhase;
			buildActionMask = 2147483647;
			files = (
			);
			runOnlyForDeploymentPostprocessing = 0;
		};
/* End PBXResourcesBuildPhase section */

/* Begin PBXSourcesBuildPhase section */
		7A3092941A9EB3DF00C0785A /* Sources */ = {
			isa = PBXSourcesBuildPhase;
			buildActionMask = 2147483647;
			files = (
				7A3092A01A9EB3DF00C0785A /* ViewController.swift in Sources */,
				7A30929E1A9EB3DF00C0785A /* AppDelegate.swift in Sources */,
			);
			runOnlyForDeploymentPostprocessing = 0;
		};
		7A3092A91A9EB3DF00C0785A /* Sources */ = {
			isa = PBXSourcesBuildPhase;
			buildActionMask = 2147483647;
			files = (
				7A3092B41A9EB3DF00C0785A /* InClass_SONSerializaionTests.swift in Sources */,
			);
			runOnlyForDeploymentPostprocessing = 0;
		};
/* End PBXSourcesBuildPhase section */

/* Begin PBXTargetDependency section */
		7A3092AF1A9EB3DF00C0785A /* PBXTargetDependency */ = {
			isa = PBXTargetDependency;
			target = 7A3092971A9EB3DF00C0785A /* InClass SONSerializaion */;
			targetProxy = 7A3092AE1A9EB3DF00C0785A /* PBXContainerItemProxy */;
		};
/* End PBXTargetDependency section */

/* Begin PBXVariantGroup section */
		7A3092A11A9EB3DF00C0785A /* Main.storyboard */ = {
			isa = PBXVariantGroup;
			children = (
				7A3092A21A9EB3DF00C0785A /* Base */,
			);
			name = Main.storyboard;
			sourceTree = "<group>";
		};
		7A3092A61A9EB3DF00C0785A /* LaunchScreen.xib */ = {
			isa = PBXVariantGroup;
			children = (
				7A3092A71A9EB3DF00C0785A /* Base */,
			);
			name = LaunchScreen.xib;
			sourceTree = "<group>";
		};
/* End PBXVariantGroup section */

/* Begin XCBuildConfiguration section */
		7A3092B51A9EB3DF00C0785A /* Debug */ = {
			isa = XCBuildConfiguration;
			buildSettings = {
				ALWAYS_SEARCH_USER_PATHS = NO;
				CLANG_CXX_LANGUAGE_STANDARD = "gnu++0x";
				CLANG_CXX_LIBRARY = "libc++";
				CLANG_ENABLE_MODULES = YES;
				CLANG_ENABLE_OBJC_ARC = YES;
				CLANG_WARN_BOOL_CONVERSION = YES;
				CLANG_WARN_CONSTANT_CONVERSION = YES;
				CLANG_WARN_DIRECT_OBJC_ISA_USAGE = YES_ERROR;
				CLANG_WARN_EMPTY_BODY = YES;
				CLANG_WARN_ENUM_CONVERSION = YES;
				CLANG_WARN_INT_CONVERSION = YES;
				CLANG_WARN_OBJC_ROOT_CLASS = YES_ERROR;
				CLANG_WARN_UNREACHABLE_CODE = YES;
				CLANG_WARN__DUPLICATE_METHOD_MATCH = YES;
				"CODE_SIGN_IDENTITY[sdk=iphoneos*]" = "iPhone Developer";
				COPY_PHASE_STRIP = NO;
				ENABLE_STRICT_OBJC_MSGSEND = YES;
				GCC_C_LANGUAGE_STANDARD = gnu99;
				GCC_DYNAMIC_NO_PIC = NO;
				GCC_OPTIMIZATION_LEVEL = 0;
				GCC_PREPROCESSOR_DEFINITIONS = (
					"DEBUG=1",
					"$(inherited)",
				);
				GCC_SYMBOLS_PRIVATE_EXTERN = NO;
				GCC_WARN_64_TO_32_BIT_CONVERSION = YES;
				GCC_WARN_ABOUT_RETURN_TYPE = YES_ERROR;
				GCC_WARN_UNDECLARED_SELECTOR = YES;
				GCC_WARN_UNINITIALIZED_AUTOS = YES_AGGRESSIVE;
				GCC_WARN_UNUSED_FUNCTION = YES;
				GCC_WARN_UNUSED_VARIABLE = YES;
				IPHONEOS_DEPLOYMENT_TARGET = 8.1;
				MTL_ENABLE_DEBUG_INFO = YES;
				ONLY_ACTIVE_ARCH = YES;
				SDKROOT = iphoneos;
				SWIFT_OPTIMIZATION_LEVEL = "-Onone";
			};
			name = Debug;
		};
		7A3092B61A9EB3DF00C0785A /* Release */ = {
			isa = XCBuildConfiguration;
			buildSettings = {
				ALWAYS_SEARCH_USER_PATHS = NO;
				CLANG_CXX_LANGUAGE_STANDARD = "gnu++0x";
				CLANG_CXX_LIBRARY = "libc++";
				CLANG_ENABLE_MODULES = YES;
				CLANG_ENABLE_OBJC_ARC = YES;
				CLANG_WARN_BOOL_CONVERSION = YES;
				CLANG_WARN_CONSTANT_CONVERSION = YES;
				CLANG_WARN_DIRECT_OBJC_ISA_USAGE = YES_ERROR;
				CLANG_WARN_EMPTY_BODY = YES;
				CLANG_WARN_ENUM_CONVERSION = YES;
				CLANG_WARN_INT_CONVERSION = YES;
				CLANG_WARN_OBJC_ROOT_CLASS = YES_ERROR;
				CLANG_WARN_UNREACHABLE_CODE = YES;
				CLANG_WARN__DUPLICATE_METHOD_MATCH = YES;
				"CODE_SIGN_IDENTITY[sdk=iphoneos*]" = "iPhone Developer";
				COPY_PHASE_STRIP = YES;
				ENABLE_NS_ASSERTIONS = NO;
				ENABLE_STRICT_OBJC_MSGSEND = YES;
				GCC_C_LANGUAGE_STANDARD = gnu99;
				GCC_WARN_64_TO_32_BIT_CONVERSION = YES;
				GCC_WARN_ABOUT_RETURN_TYPE = YES_ERROR;
				GCC_WARN_UNDECLARED_SELECTOR = YES;
				GCC_WARN_UNINITIALIZED_AUTOS = YES_AGGRESSIVE;
				GCC_WARN_UNUSED_FUNCTION = YES;
				GCC_WARN_UNUSED_VARIABLE = YES;
				IPHONEOS_DEPLOYMENT_TARGET = 8.1;
				MTL_ENABLE_DEBUG_INFO = NO;
				SDKROOT = iphoneos;
				VALIDATE_PRODUCT = YES;
			};
			name = Release;
		};
		7A3092B81A9EB3DF00C0785A /* Debug */ = {
			isa = XCBuildConfiguration;
			buildSettings = {
				ASSETCATALOG_COMPILER_APPICON_NAME = AppIcon;
				INFOPLIST_FILE = "InClass SONSerializaion/Info.plist";
				LD_RUNPATH_SEARCH_PATHS = "$(inherited) @executable_path/Frameworks";
				PRODUCT_NAME = "$(TARGET_NAME)";
			};
			name = Debug;
		};
		7A3092B91A9EB3DF00C0785A /* Release */ = {
			isa = XCBuildConfiguration;
			buildSettings = {
				ASSETCATALOG_COMPILER_APPICON_NAME = AppIcon;
				INFOPLIST_FILE = "InClass SONSerializaion/Info.plist";
				LD_RUNPATH_SEARCH_PATHS = "$(inherited) @executable_path/Frameworks";
				PRODUCT_NAME = "$(TARGET_NAME)";
			};
			name = Release;
		};
		7A3092BB1A9EB3DF00C0785A /* Debug */ = {
			isa = XCBuildConfiguration;
			buildSettings = {
				BUNDLE_LOADER = "$(TEST_HOST)";
				FRAMEWORK_SEARCH_PATHS = (
					"$(SDKROOT)/Developer/Library/Frameworks",
					"$(inherited)",
				);
				GCC_PREPROCESSOR_DEFINITIONS = (
					"DEBUG=1",
					"$(inherited)",
				);
				INFOPLIST_FILE = "InClass SONSerializaionTests/Info.plist";
				LD_RUNPATH_SEARCH_PATHS = "$(inherited) @executable_path/Frameworks @loader_path/Frameworks";
				PRODUCT_NAME = "$(TARGET_NAME)";
				TEST_HOST = "$(BUILT_PRODUCTS_DIR)/InClass SONSerializaion.app/InClass SONSerializaion";
			};
			name = Debug;
		};
		7A3092BC1A9EB3DF00C0785A /* Release */ = {
			isa = XCBuildConfiguration;
			buildSettings = {
				BUNDLE_LOADER = "$(TEST_HOST)";
				FRAMEWORK_SEARCH_PATHS = (
					"$(SDKROOT)/Developer/Library/Frameworks",
					"$(inherited)",
				);
				INFOPLIST_FILE = "InClass SONSerializaionTests/Info.plist";
				LD_RUNPATH_SEARCH_PATHS = "$(inherited) @executable_path/Frameworks @loader_path/Frameworks";
				PRODUCT_NAME = "$(TARGET_NAME)";
				TEST_HOST = "$(BUILT_PRODUCTS_DIR)/InClass SONSerializaion.app/InClass SONSerializaion";
			};
			name = Release;
		};
/* End XCBuildConfiguration section */

/* Begin XCConfigurationList section */
		7A3092931A9EB3DF00C0785A /* Build configuration list for PBXProject "InClass SONSerializaion" */ = {
			isa = XCConfigurationList;
			buildConfigurations = (
				7A3092B51A9EB3DF00C0785A /* Debug */,
				7A3092B61A9EB3DF00C0785A /* Release */,
			);
			defaultConfigurationIsVisible = 0;
			defaultConfigurationName = Release;
		};
		7A3092B71A9EB3DF00C0785A /* Build configuration list for PBXNativeTarget "InClass SONSerializaion" */ = {
			isa = XCConfigurationList;
			buildConfigurations = (
				7A3092B81A9EB3DF00C0785A /* Debug */,
				7A3092B91A9EB3DF00C0785A /* Release */,
			);
			defaultConfigurationIsVisible = 0;
		};
		7A3092BA1A9EB3DF00C0785A /* Build configuration list for PBXNativeTarget "InClass SONSerializaionTests" */ = {
			isa = XCConfigurationList;
			buildConfigurations = (
				7A3092BB1A9EB3DF00C0785A /* Debug */,
				7A3092BC1A9EB3DF00C0785A /* Release */,
			);
			defaultConfigurationIsVisible = 0;
		};
/* End XCConfigurationList section */
	};
	rootObject = 7A3092901A9EB3DF00C0785A /* Project object */;
}
